<?xml version="1.0" encoding="utf-8"?>
<Project ToolsVersion="4.0" xmlns="http://schemas.microsoft.com/developer/msbuild/2003">
  <ItemGroup>
    <Filter Include="BatchFiles">
      <UniqueIdentifier>{6d7eb231-569c-4ab5-9fc3-329e531c3527}</UniqueIdentifier>
    </Filter>
    <Filter Include="SourceCode">
      <UniqueIdentifier>{50f27d76-38b0-4681-bee0-b6dbb68a793f}</UniqueIdentifier>
    </Filter>
    <Filter Include="SourceCode\Exporter">
      <UniqueIdentifier>{6a9833f2-52a5-4dec-a3fd-37cee20bb8b1}</UniqueIdentifier>
    </Filter>
    <Filter Include="SourceCode\Sound">
      <UniqueIdentifier>{fe4a269e-5e4f-4d5c-8b68-ac0944b07675}</UniqueIdentifier>
    </Filter>
    <Filter Include="SourceCode\FileSystem">
      <UniqueIdentifier>{0458fff6-a314-46a5-bfaf-6176abba12d0}</UniqueIdentifier>
    </Filter>
    <Filter Include="SourceCode\Metasequoia">
      <UniqueIdentifier>{05a06769-c997-4bf7-8391-49378bde9acb}</UniqueIdentifier>
    </Filter>
    <Filter Include="SourceCode\Includes">
      <UniqueIdentifier>{7f59d8be-4c3c-4d8d-9a8c-1ec479be2152}</UniqueIdentifier>
    </Filter>
    <Filter Include="SourceCode\Texture">
      <UniqueIdentifier>{e9fff6ff-bdf2-4887-9371-579ba497a6e6}</UniqueIdentifier>
    </Filter>
    <Filter Include="SourceCode\Rendering">
      <UniqueIdentifier>{50aa9833-80cc-4438-aefa-507a8164d690}</UniqueIdentifier>
    </Filter>
    <Filter Include="Config">
      <UniqueIdentifier>{be844323-8b08-4cc1-9904-d53d9ad92e5b}</UniqueIdentifier>
    </Filter>
    <Filter Include="SourceCode\Utility">
      <UniqueIdentifier>{523afafd-693a-4e13-9aff-7afd39116e6e}</UniqueIdentifier>
    </Filter>
    <Filter Include="SourceCode\FileSystem\Win32">
      <UniqueIdentifier>{a4450706-06b7-48e7-8b20-e334bd292e0e}</UniqueIdentifier>
    </Filter>
    <Filter Include="SourceCode\Packer">
      <UniqueIdentifier>{eef4fdc7-de60-44d5-9ccb-17b1cee1a7eb}</UniqueIdentifier>
    </Filter>
    <Filter Include="SourceCode\Utils">
      <UniqueIdentifier>{55cfb6de-7e7d-44f4-9fde-275ec67b0332}</UniqueIdentifier>
    </Filter>
    <Filter Include="GameFramework">
      <UniqueIdentifier>{bacd5bd9-c79d-4e99-be77-f77bafd345ae}</UniqueIdentifier>
    </Filter>
    <Filter Include="GameFramework\ImplWin">
      <UniqueIdentifier>{d928d639-b906-424d-a5d9-a28c0707c6d2}</UniqueIdentifier>
    </Filter>
    <Filter Include="GameFramework\Base">
      <UniqueIdentifier>{cba58f31-3853-43ef-8e6e-4bc25c6db5b6}</UniqueIdentifier>
    </Filter>
    <Filter Include="GameFramework\Base\Base">
      <UniqueIdentifier>{da0499c5-6a05-4285-aec8-baa69c1f4931}</UniqueIdentifier>
    </Filter>
    <Filter Include="GameFramework\Base\Includes">
      <UniqueIdentifier>{d82de050-ffc4-409a-ba26-f755f6086603}</UniqueIdentifier>
    </Filter>
    <Filter Include="GameFramework\Base\FileSystem">
      <UniqueIdentifier>{e1699c38-4736-43be-8d2d-f998ea4f61e5}</UniqueIdentifier>
    </Filter>
    <Filter Include="GameFramework\Base\ErrorLog">
      <UniqueIdentifier>{704bb795-51cd-44c1-9e6e-dcecd11609f8}</UniqueIdentifier>
    </Filter>
    <Filter Include="GameFramework\Base\Maths">
      <UniqueIdentifier>{ccb069f4-ceb3-448a-a2b9-f42ba2f3f622}</UniqueIdentifier>
    </Filter>
    <Filter Include="GameFramework\RenderSystem">
      <UniqueIdentifier>{f60a0db9-ea8a-41b7-83f7-af1a4c8a07c8}</UniqueIdentifier>
    </Filter>
    <Filter Include="Metasequoia">
      <UniqueIdentifier>{3ff0d4e4-82e6-48f0-99e9-1f86c6d6fcb7}</UniqueIdentifier>
    </Filter>
  </ItemGroup>
  <ItemGroup>
    <None Include="..\BatchFiles\UpdatePacker.bat">
      <Filter>BatchFiles</Filter>
    </None>
    <None Include="..\BatchFiles\OpenFolder.bat">
      <Filter>BatchFiles</Filter>
    </None>
  </ItemGroup>
  <ItemGroup>
    <ClInclude Include="..\Packer\SourceCode\FileSystem\Win32\FsFindFile.h">
      <Filter>SourceCode\FileSystem\Win32</Filter>
    </ClInclude>
    <ClInclude Include="..\Packer\SourceCode\Includes\PaFileDetails.h">
      <Filter>SourceCode\Includes</Filter>
    </ClInclude>
    <ClInclude Include="..\Packer\SourceCode\Includes\PaFilename.h">
      <Filter>SourceCode\Includes</Filter>
    </ClInclude>
    <ClInclude Include="..\Packer\SourceCode\Includes\PaMemoryResource.h">
      <Filter>SourceCode\Includes</Filter>
    </ClInclude>
    <ClInclude Include="..\Packer\SourceCode\Includes\PaPackerInterface.h">
      <Filter>SourceCode\Includes</Filter>
    </ClInclude>
    <ClInclude Include="..\Packer\SourceCode\Packer\main.hpp">
      <Filter>SourceCode\Packer</Filter>
    </ClInclude>
    <ClInclude Include="..\..\GameFramework\Base\includes\ApConfig.h">
      <Filter>GameFramework\Base\Includes</Filter>
    </ClInclude>
    <ClInclude Include="..\..\GameFramework\Base\includes\BaArchive.h">
      <Filter>GameFramework\Base\Includes</Filter>
    </ClInclude>
    <ClInclude Include="..\..\GameFramework\Base\includes\BaDuplicate.h">
      <Filter>GameFramework\Base\Includes</Filter>
    </ClInclude>
    <ClInclude Include="..\..\GameFramework\Base\includes\BaResource.h">
      <Filter>GameFramework\Base\Includes</Filter>
    </ClInclude>
    <ClInclude Include="..\..\GameFramework\Base\includes\BaUserData.h">
      <Filter>GameFramework\Base\Includes</Filter>
    </ClInclude>
    <ClInclude Include="..\..\GameFramework\Base\includes\BtArray.h">
      <Filter>GameFramework\Base\Includes</Filter>
    </ClInclude>
    <ClInclude Include="..\..\GameFramework\Base\includes\BtBase.h">
      <Filter>GameFramework\Base\Includes</Filter>
    </ClInclude>
    <ClInclude Include="..\..\GameFramework\Base\includes\BtCollection.h">
      <Filter>GameFramework\Base\Includes</Filter>
    </ClInclude>
    <ClInclude Include="..\..\GameFramework\Base\includes\BtCRC.h">
      <Filter>GameFramework\Base\Includes</Filter>
    </ClInclude>
    <ClInclude Include="..\..\GameFramework\Base\includes\BtEnum.h">
      <Filter>GameFramework\Base\Includes</Filter>
    </ClInclude>
    <ClInclude Include="..\..\GameFramework\Base\includes\BtLinkedList.h">
      <Filter>GameFramework\Base\Includes</Filter>
    </ClInclude>
    <ClInclude Include="..\..\GameFramework\Base\includes\BtMemory.h">
      <Filter>GameFramework\Base\Includes</Filter>
    </ClInclude>
    <ClInclude Include="..\..\GameFramework\Base\includes\BtPrint.h">
      <Filter>GameFramework\Base\Includes</Filter>
    </ClInclude>
    <ClInclude Include="..\..\GameFramework\Base\includes\BtQueue.h">
      <Filter>GameFramework\Base\Includes</Filter>
    </ClInclude>
    <ClInclude Include="..\..\GameFramework\Base\includes\BtString.h">
      <Filter>GameFramework\Base\Includes</Filter>
    </ClInclude>
    <ClInclude Include="..\..\GameFramework\Base\includes\BtThread.h">
      <Filter>GameFramework\Base\Includes</Filter>
    </ClInclude>
    <ClInclude Include="..\..\GameFramework\Base\includes\BtTime.h">
      <Filter>GameFramework\Base\Includes</Filter>
    </ClInclude>
    <ClInclude Include="..\..\GameFramework\Base\includes\BtTypes.h">
      <Filter>GameFramework\Base\Includes</Filter>
    </ClInclude>
    <ClInclude Include="..\..\GameFramework\Base\includes\ErrorLog.h">
      <Filter>GameFramework\Base\Includes</Filter>
    </ClInclude>
    <ClInclude Include="..\..\GameFramework\Base\includes\FsFile.h">
      <Filter>GameFramework\Base\Includes</Filter>
    </ClInclude>
    <ClInclude Include="..\..\GameFramework\Base\includes\MtAABB.h">
      <Filter>GameFramework\Base\Includes</Filter>
    </ClInclude>
    <ClInclude Include="..\..\GameFramework\Base\includes\MtLine.h">
      <Filter>GameFramework\Base\Includes</Filter>
    </ClInclude>
    <ClInclude Include="..\..\GameFramework\Base\includes\MtMath.h">
      <Filter>GameFramework\Base\Includes</Filter>
    </ClInclude>
    <ClInclude Include="..\..\GameFramework\Base\includes\MtMatrix3.h">
      <Filter>GameFramework\Base\Includes</Filter>
    </ClInclude>
    <ClInclude Include="..\..\GameFramework\Base\includes\MtMatrix4.h">
      <Filter>GameFramework\Base\Includes</Filter>
    </ClInclude>
    <ClInclude Include="..\..\GameFramework\Base\includes\MtPlane.h">
      <Filter>GameFramework\Base\Includes</Filter>
    </ClInclude>
    <ClInclude Include="..\..\GameFramework\Base\includes\MtPoint.h">
      <Filter>GameFramework\Base\Includes</Filter>
    </ClInclude>
    <ClInclude Include="..\..\GameFramework\Base\includes\MtQuad.h">
      <Filter>GameFramework\Base\Includes</Filter>
    </ClInclude>
    <ClInclude Include="..\..\GameFramework\Base\includes\MtQuaternion.h">
      <Filter>GameFramework\Base\Includes</Filter>
    </ClInclude>
    <ClInclude Include="..\..\GameFramework\Base\includes\MtRay.h">
      <Filter>GameFramework\Base\Includes</Filter>
    </ClInclude>
    <ClInclude Include="..\..\GameFramework\Base\includes\MtSphere.h">
      <Filter>GameFramework\Base\Includes</Filter>
    </ClInclude>
    <ClInclude Include="..\..\GameFramework\Base\includes\MtTriangle.h">
      <Filter>GameFramework\Base\Includes</Filter>
    </ClInclude>
    <ClInclude Include="..\..\GameFramework\Base\includes\MtVector2.h">
      <Filter>GameFramework\Base\Includes</Filter>
    </ClInclude>
    <ClInclude Include="..\..\GameFramework\Base\includes\MtVector3.h">
      <Filter>GameFramework\Base\Includes</Filter>
    </ClInclude>
    <ClInclude Include="..\..\GameFramework\Base\includes\MtVector4.h">
      <Filter>GameFramework\Base\Includes</Filter>
    </ClInclude>
    <ClInclude Include="..\..\GameFramework\Base\includes\RdRandom.h">
      <Filter>GameFramework\Base\Includes</Filter>
    </ClInclude>
    <ClInclude Include="..\..\GameFramework\Base\includes\RsCamera.h">
      <Filter>GameFramework\Base\Includes</Filter>
    </ClInclude>
    <ClInclude Include="..\..\GameFramework\Base\includes\RsCaps.h">
      <Filter>GameFramework\Base\Includes</Filter>
    </ClInclude>
    <ClInclude Include="..\..\GameFramework\Base\includes\RsColour.h">
      <Filter>GameFramework\Base\Includes</Filter>
    </ClInclude>
    <ClInclude Include="..\..\GameFramework\Base\includes\RsFlash.h">
      <Filter>GameFramework\Base\Includes</Filter>
    </ClInclude>
    <ClInclude Include="..\..\GameFramework\Base\includes\RsFont.h">
      <Filter>GameFramework\Base\Includes</Filter>
    </ClInclude>
    <ClInclude Include="..\..\GameFramework\Base\includes\RsFrustum.h">
      <Filter>GameFramework\Base\Includes</Filter>
    </ClInclude>
    <ClInclude Include="..\..\GameFramework\Base\includes\RsIndexBuffer.h">
      <Filter>GameFramework\Base\Includes</Filter>
    </ClInclude>
    <ClInclude Include="..\..\GameFramework\Base\includes\RsMaterial.h">
      <Filter>GameFramework\Base\Includes</Filter>
    </ClInclude>
    <ClInclude Include="..\..\GameFramework\Base\includes\RsPrimitive.h">
      <Filter>GameFramework\Base\Includes</Filter>
    </ClInclude>
    <ClInclude Include="..\..\GameFramework\Base\includes\RsRenderTarget.h">
      <Filter>GameFramework\Base\Includes</Filter>
    </ClInclude>
    <ClInclude Include="..\..\GameFramework\Base\includes\RsRenderTypes.h">
      <Filter>GameFramework\Base\Includes</Filter>
    </ClInclude>
    <ClInclude Include="..\..\GameFramework\Base\includes\RsShader.h">
      <Filter>GameFramework\Base\Includes</Filter>
    </ClInclude>
    <ClInclude Include="..\..\GameFramework\Base\includes\RsSprite.h">
      <Filter>GameFramework\Base\Includes</Filter>
    </ClInclude>
    <ClInclude Include="..\..\GameFramework\Base\includes\RsTexture.h">
      <Filter>GameFramework\Base\Includes</Filter>
    </ClInclude>
    <ClInclude Include="..\..\GameFramework\Base\includes\RsUtil.h">
      <Filter>GameFramework\Base\Includes</Filter>
    </ClInclude>
    <ClInclude Include="..\..\GameFramework\Base\includes\RsVertex.h">
      <Filter>GameFramework\Base\Includes</Filter>
    </ClInclude>
    <ClInclude Include="..\..\GameFramework\Base\includes\RsViewport.h">
      <Filter>GameFramework\Base\Includes</Filter>
    </ClInclude>
    <ClInclude Include="..\..\GameFramework\Base\includes\SdSound.h">
      <Filter>GameFramework\Base\Includes</Filter>
    </ClInclude>
    <ClInclude Include="..\..\GameFramework\Base\includes\SgAnimator.h">
      <Filter>GameFramework\Base\Includes</Filter>
    </ClInclude>
    <ClInclude Include="..\..\GameFramework\Base\includes\SgBlendShape.h">
      <Filter>GameFramework\Base\Includes</Filter>
    </ClInclude>
    <ClInclude Include="..\..\GameFramework\Base\includes\SgBone.h">
      <Filter>GameFramework\Base\Includes</Filter>
    </ClInclude>
    <ClInclude Include="..\..\GameFramework\Base\includes\SgCamera.h">
      <Filter>GameFramework\Base\Includes</Filter>
    </ClInclude>
    <ClInclude Include="..\..\GameFramework\Base\includes\SgCollision.h">
      <Filter>GameFramework\Base\Includes</Filter>
    </ClInclude>
    <ClInclude Include="..\..\GameFramework\Base\includes\SgLight.h">
      <Filter>GameFramework\Base\Includes</Filter>
    </ClInclude>
    <ClInclude Include="..\..\GameFramework\Base\includes\SgMaterial.h">
      <Filter>GameFramework\Base\Includes</Filter>
    </ClInclude>
    <ClInclude Include="..\..\GameFramework\Base\includes\SgMesh.h">
      <Filter>GameFramework\Base\Includes</Filter>
    </ClInclude>
    <ClInclude Include="..\..\GameFramework\Base\includes\SgNode.h">
      <Filter>GameFramework\Base\Includes</Filter>
    </ClInclude>
    <ClInclude Include="..\..\GameFramework\Base\includes\SgRigidBody.h">
      <Filter>GameFramework\Base\Includes</Filter>
    </ClInclude>
    <ClInclude Include="..\..\GameFramework\Base\includes\SgSkin.h">
      <Filter>GameFramework\Base\Includes</Filter>
    </ClInclude>
    <ClInclude Include="..\..\GameFramework\Base\includes\Ui360.h">
      <Filter>GameFramework\Base\Includes</Filter>
    </ClInclude>
    <ClInclude Include="..\..\GameFramework\Base\includes\UiJoystick.h">
      <Filter>GameFramework\Base\Includes</Filter>
    </ClInclude>
    <ClInclude Include="..\..\GameFramework\Base\includes\UiKeyboard.h">
      <Filter>GameFramework\Base\Includes</Filter>
    </ClInclude>
    <ClInclude Include="..\..\GameFramework\Base\includes\UiMouse.h">
      <Filter>GameFramework\Base\Includes</Filter>
    </ClInclude>
    <ClInclude Include="..\Packer\SourceCode\PaTopState.h">
      <Filter>Config</Filter>
    </ClInclude>
    <ClInclude Include="..\Packer\SourceCode\UtFilename.h">
      <Filter>SourceCode\Utils</Filter>
    </ClInclude>
    <ClInclude Include="..\Packer\SourceCode\UtTokeniser.h">
      <Filter>SourceCode\Utils</Filter>
    </ClInclude>
    <ClInclude Include="..\Packer\SourceCode\BtSingleton.h">
      <Filter>SourceCode</Filter>
    </ClInclude>
    <ClInclude Include="..\Packer\SourceCode\Rendering\PaRendering.h">
      <Filter>SourceCode\Rendering</Filter>
    </ClInclude>
    <ClInclude Include="..\Packer\SourceCode\Sound\SndIff.h">
      <Filter>SourceCode\Sound</Filter>
    </ClInclude>
    <ClInclude Include="..\Packer\SourceCode\Texture\TeTexture.h">
      <Filter>SourceCode\Texture</Filter>
    </ClInclude>
    <ClInclude Include="..\Packer\SourceCode\Packer\PaArchive.h">
      <Filter>SourceCode\Packer</Filter>
    </ClInclude>
    <ClInclude Include="..\Packer\SourceCode\Packer\PaArray.h">
      <Filter>SourceCode\Packer</Filter>
    </ClInclude>
    <ClInclude Include="..\Packer\SourceCode\Packer\PaAsset.h">
      <Filter>SourceCode\Packer</Filter>
    </ClInclude>
    <ClInclude Include="..\Packer\SourceCode\Packer\PaDependency.h">
      <Filter>SourceCode\Packer</Filter>
    </ClInclude>
    <ClInclude Include="..\Packer\SourceCode\Packer\PaPacker.h">
      <Filter>SourceCode\Packer</Filter>
    </ClInclude>
    <ClInclude Include="..\Packer\SourceCode\Packer\PaResource.h">
      <Filter>SourceCode\Packer</Filter>
    </ClInclude>
    <ClInclude Include="..\Packer\SourceCode\UtXML.h">
      <Filter>SourceCode\Utils</Filter>
    </ClInclude>
    <ClInclude Include="..\Packer\SourceCode\Metasequoia\BcDXF.h">
      <Filter>Metasequoia</Filter>
    </ClInclude>
    <ClInclude Include="..\Packer\SourceCode\Metasequoia\BcMetasequoiaExport.h">
      <Filter>Metasequoia</Filter>
    </ClInclude>
    <ClInclude Include="..\Packer\SourceCode\Metasequoia\McArray.h">
      <Filter>Metasequoia</Filter>
    </ClInclude>
    <ClInclude Include="..\Packer\SourceCode\Metasequoia\McCollada.h">
      <Filter>Metasequoia</Filter>
    </ClInclude>
    <ClInclude Include="..\Packer\SourceCode\Metasequoia\McMetasequoia.h">
      <Filter>Metasequoia</Filter>
    </ClInclude>
    <ClInclude Include="..\Packer\SourceCode\Metasequoia\McTextFileReader.h">
      <Filter>Metasequoia</Filter>
    </ClInclude>
    <ClInclude Include="..\Packer\SourceCode\Metasequoia\McVanilla.h">
      <Filter>Metasequoia</Filter>
    </ClInclude>
    <ClInclude Include="..\Packer\SourceCode\Exporter\ExCollisionAnalytical.h">
      <Filter>SourceCode\Exporter</Filter>
    </ClInclude>
    <ClInclude Include="..\Packer\SourceCode\Exporter\ExCollisionMesh.h">
      <Filter>SourceCode\Exporter</Filter>
    </ClInclude>
    <ClInclude Include="..\Packer\SourceCode\Exporter\ExExporter.h">
      <Filter>SourceCode\Exporter</Filter>
    </ClInclude>
    <ClInclude Include="..\Packer\SourceCode\Exporter\ExFlash.h">
      <Filter>SourceCode\Exporter</Filter>
    </ClInclude>
    <ClInclude Include="..\Packer\SourceCode\Exporter\ExFont.h">
      <Filter>SourceCode\Exporter</Filter>
    </ClInclude>
    <ClInclude Include="..\Packer\SourceCode\Exporter\ExIndexBuffer.h">
      <Filter>SourceCode\Exporter</Filter>
    </ClInclude>
    <ClInclude Include="..\Packer\SourceCode\Exporter\ExJointWeightPair.h">
      <Filter>SourceCode\Exporter</Filter>
    </ClInclude>
    <ClInclude Include="..\Packer\SourceCode\Exporter\ExMaterial.h">
      <Filter>SourceCode\Exporter</Filter>
    </ClInclude>
    <ClInclude Include="..\Packer\SourceCode\Exporter\ExMaterialBlock.h">
      <Filter>SourceCode\Exporter</Filter>
    </ClInclude>
    <ClInclude Include="..\Packer\SourceCode\Exporter\ExMaterialList.h">
      <Filter>SourceCode\Exporter</Filter>
    </ClInclude>
    <ClInclude Include="..\Packer\SourceCode\Exporter\ExMatrix.h">
      <Filter>SourceCode\Exporter</Filter>
    </ClInclude>
    <ClInclude Include="..\Packer\SourceCode\Exporter\ExResource.h">
      <Filter>SourceCode\Exporter</Filter>
    </ClInclude>
    <ClInclude Include="..\Packer\SourceCode\Exporter\ExRigidBody.h">
      <Filter>SourceCode\Exporter</Filter>
    </ClInclude>
    <ClInclude Include="..\Packer\SourceCode\Exporter\ExScene.h">
      <Filter>SourceCode\Exporter</Filter>
    </ClInclude>
    <ClInclude Include="..\Packer\SourceCode\Exporter\ExSchedule.h">
      <Filter>SourceCode\Exporter</Filter>
    </ClInclude>
    <ClInclude Include="..\Packer\SourceCode\Exporter\ExSgAnimation.h">
      <Filter>SourceCode\Exporter</Filter>
    </ClInclude>
    <ClInclude Include="..\Packer\SourceCode\Exporter\ExSgBlendShape.h">
      <Filter>SourceCode\Exporter</Filter>
    </ClInclude>
    <ClInclude Include="..\Packer\SourceCode\Exporter\ExSgBone.h">
      <Filter>SourceCode\Exporter</Filter>
    </ClInclude>
    <ClInclude Include="..\Packer\SourceCode\Exporter\ExSgCamera.h">
      <Filter>SourceCode\Exporter</Filter>
    </ClInclude>
    <ClInclude Include="..\Packer\SourceCode\Exporter\ExSgCollision.h">
      <Filter>SourceCode\Exporter</Filter>
    </ClInclude>
    <ClInclude Include="..\Packer\SourceCode\Exporter\ExSgLight.h">
      <Filter>SourceCode\Exporter</Filter>
    </ClInclude>
    <ClInclude Include="..\Packer\SourceCode\Exporter\ExSgMesh.h">
      <Filter>SourceCode\Exporter</Filter>
    </ClInclude>
    <ClInclude Include="..\Packer\SourceCode\Exporter\ExSgNode.h">
      <Filter>SourceCode\Exporter</Filter>
    </ClInclude>
    <ClInclude Include="..\Packer\SourceCode\Exporter\ExSgSkin.h">
      <Filter>SourceCode\Exporter</Filter>
    </ClInclude>
    <ClInclude Include="..\Packer\SourceCode\Exporter\ExShader.h">
      <Filter>SourceCode\Exporter</Filter>
    </ClInclude>
    <ClInclude Include="..\Packer\SourceCode\Exporter\ExSound.h">
      <Filter>SourceCode\Exporter</Filter>
    </ClInclude>
    <ClInclude Include="..\Packer\SourceCode\Exporter\ExSprites.h">
      <Filter>SourceCode\Exporter</Filter>
    </ClInclude>
    <ClInclude Include="..\Packer\SourceCode\Exporter\ExStandardShader.h">
      <Filter>SourceCode\Exporter</Filter>
    </ClInclude>
    <ClInclude Include="..\Packer\SourceCode\Exporter\ExStrings.h">
      <Filter>SourceCode\Exporter</Filter>
    </ClInclude>
    <ClInclude Include="..\Packer\SourceCode\Exporter\ExStrip.h">
      <Filter>SourceCode\Exporter</Filter>
    </ClInclude>
    <ClInclude Include="..\Packer\SourceCode\Exporter\ExTexture.h">
      <Filter>SourceCode\Exporter</Filter>
    </ClInclude>
    <ClInclude Include="..\Packer\SourceCode\Exporter\ExTextureList.h">
      <Filter>SourceCode\Exporter</Filter>
    </ClInclude>
    <ClInclude Include="..\Packer\SourceCode\Exporter\ExUserData.h">
      <Filter>SourceCode\Exporter</Filter>
    </ClInclude>
    <ClInclude Include="..\Packer\SourceCode\Exporter\ExVertex.h">
      <Filter>SourceCode\Exporter</Filter>
    </ClInclude>
    <ClInclude Include="..\Packer\SourceCode\Exporter\ExVertexBuffer.h">
      <Filter>SourceCode\Exporter</Filter>
    </ClInclude>
    <ClInclude Include="..\Packer\SourceCode\Exporter\ExVertexJointWeightPairs.h">
      <Filter>SourceCode\Exporter</Filter>
    </ClInclude>
  </ItemGroup>
  <ItemGroup>
    <ClCompile Include="..\Packer\SourceCode\FileSystem\Win32\FsFindFile.cpp">
      <Filter>SourceCode\FileSystem\Win32</Filter>
    </ClCompile>
    <ClCompile Include="..\Packer\SourceCode\Includes\PaFileDetails.cpp">
      <Filter>SourceCode\Includes</Filter>
    </ClCompile>
    <ClCompile Include="..\Packer\SourceCode\Packer\main.cpp">
      <Filter>SourceCode\Packer</Filter>
    </ClCompile>
    <ClCompile Include="..\..\GameFramework\Base\Base\BtCRC.cpp">
      <Filter>GameFramework\Base\Base</Filter>
    </ClCompile>
    <ClCompile Include="..\..\GameFramework\Base\Base\BtPrint.cpp">
      <Filter>GameFramework\Base\Base</Filter>
    </ClCompile>
    <ClCompile Include="..\..\GameFramework\Base\Base\LBtCompressedFile.cpp">
      <Filter>GameFramework\Base\Base</Filter>
    </ClCompile>
    <ClCompile Include="..\..\GameFramework\Base\Base\LBtMemory.cpp">
      <Filter>GameFramework\Base\Base</Filter>
    </ClCompile>
    <ClCompile Include="..\..\GameFramework\Base\Base\LBtString.cpp">
      <Filter>GameFramework\Base\Base</Filter>
    </ClCompile>
    <ClCompile Include="..\Packer\SourceCode\PaTopState.cpp">
      <Filter>Config</Filter>
    </ClCompile>
    <ClCompile Include="..\Packer\SourceCode\UtFilename.cpp">
      <Filter>SourceCode\Utils</Filter>
    </ClCompile>
    <ClCompile Include="..\Packer\SourceCode\UtTokeniser.cpp">
      <Filter>SourceCode\Utils</Filter>
    </ClCompile>
    <ClCompile Include="..\Packer\SourceCode\Rendering\PaRendering.cpp">
      <Filter>SourceCode\Rendering</Filter>
    </ClCompile>
    <ClCompile Include="..\Packer\SourceCode\Sound\SndIff.cpp">
      <Filter>SourceCode\Sound</Filter>
    </ClCompile>
    <ClCompile Include="..\Packer\SourceCode\Texture\TeTexture.cpp">
      <Filter>SourceCode\Texture</Filter>
    </ClCompile>
    <ClCompile Include="..\Packer\SourceCode\Packer\PaArchive.cpp">
      <Filter>SourceCode\Packer</Filter>
    </ClCompile>
    <ClCompile Include="..\Packer\SourceCode\Packer\PaAsset.cpp">
      <Filter>SourceCode\Packer</Filter>
    </ClCompile>
    <ClCompile Include="..\Packer\SourceCode\Packer\PaMemoryResource.cpp">
      <Filter>SourceCode\Packer</Filter>
    </ClCompile>
    <ClCompile Include="..\Packer\SourceCode\Packer\PaPacker.cpp">
      <Filter>SourceCode\Packer</Filter>
    </ClCompile>
    <ClCompile Include="..\Packer\SourceCode\Packer\PaResource.cpp">
      <Filter>SourceCode\Packer</Filter>
    </ClCompile>
    <ClCompile Include="..\Packer\SourceCode\UtXML.cpp">
      <Filter>SourceCode\Utils</Filter>
    </ClCompile>
    <ClCompile Include="..\..\GameFramework\Base\ErrorLog\ErrorLog.cpp">
      <Filter>GameFramework\Base\ErrorLog</Filter>
    </ClCompile>
    <ClCompile Include="..\..\GameFramework\Base\FileSystem\FsFile.cpp">
      <Filter>GameFramework\Base\FileSystem</Filter>
    </ClCompile>
    <ClCompile Include="..\..\GameFramework\Base\Maths\MtAABB.cpp">
      <Filter>GameFramework\Base\Maths</Filter>
    </ClCompile>
    <ClCompile Include="..\..\GameFramework\Base\Maths\MtLine.cpp">
      <Filter>GameFramework\Base\Maths</Filter>
    </ClCompile>
    <ClCompile Include="..\..\GameFramework\Base\Maths\MtMath.cpp">
      <Filter>GameFramework\Base\Maths</Filter>
    </ClCompile>
    <ClCompile Include="..\..\GameFramework\Base\Maths\MtMatrix3.cpp">
      <Filter>GameFramework\Base\Maths</Filter>
    </ClCompile>
    <ClCompile Include="..\..\GameFramework\Base\Maths\MtMatrix4.cpp">
      <Filter>GameFramework\Base\Maths</Filter>
    </ClCompile>
    <ClCompile Include="..\..\GameFramework\Base\Maths\MtPlane.cpp">
      <Filter>GameFramework\Base\Maths</Filter>
    </ClCompile>
    <ClCompile Include="..\..\GameFramework\Base\Maths\MtPoint.cpp">
      <Filter>GameFramework\Base\Maths</Filter>
    </ClCompile>
    <ClCompile Include="..\..\GameFramework\Base\Maths\MtQuad.cpp">
      <Filter>GameFramework\Base\Maths</Filter>
    </ClCompile>
    <ClCompile Include="..\..\GameFramework\Base\Maths\MtQuaternion.cpp">
      <Filter>GameFramework\Base\Maths</Filter>
    </ClCompile>
    <ClCompile Include="..\..\GameFramework\Base\Maths\MtRay.cpp">
      <Filter>GameFramework\Base\Maths</Filter>
    </ClCompile>
    <ClCompile Include="..\..\GameFramework\Base\Maths\MtSphere.cpp">
      <Filter>GameFramework\Base\Maths</Filter>
    </ClCompile>
    <ClCompile Include="..\..\GameFramework\Base\Maths\MtTriangle.cpp">
      <Filter>GameFramework\Base\Maths</Filter>
    </ClCompile>
    <ClCompile Include="..\..\GameFramework\Base\Maths\MtVector2.cpp">
      <Filter>GameFramework\Base\Maths</Filter>
    </ClCompile>
    <ClCompile Include="..\..\GameFramework\Base\Maths\MtVector3.cpp">
      <Filter>GameFramework\Base\Maths</Filter>
    </ClCompile>
    <ClCompile Include="..\..\GameFramework\Base\Maths\MtVector4.cpp">
      <Filter>GameFramework\Base\Maths</Filter>
    </ClCompile>
    <ClCompile Include="..\..\GameFramework\ImplWin\BtTime.cpp">
      <Filter>GameFramework\Base\Base</Filter>
    </ClCompile>
    <ClCompile Include="..\..\GameFramework\Base\RenderSystem\RsColour.cpp">
      <Filter>GameFramework\RenderSystem</Filter>
    </ClCompile>
    <ClCompile Include="..\..\GameFramework\Base\RenderSystem\RsIndexBuffer.cpp">
      <Filter>GameFramework\RenderSystem</Filter>
    </ClCompile>
    <ClCompile Include="..\Packer\SourceCode\Metasequoia\BcDXF.cpp">
      <Filter>Metasequoia</Filter>
    </ClCompile>
    <ClCompile Include="..\Packer\SourceCode\Metasequoia\BcMetasequoiaExport.cpp">
      <Filter>Metasequoia</Filter>
    </ClCompile>
    <ClCompile Include="..\Packer\SourceCode\Metasequoia\McCollada.cpp">
      <Filter>Metasequoia</Filter>
    </ClCompile>
    <ClCompile Include="..\Packer\SourceCode\Metasequoia\McMetasequoia.cpp">
      <Filter>Metasequoia</Filter>
    </ClCompile>
    <ClCompile Include="..\Packer\SourceCode\Metasequoia\McTextFileReader.cpp">
      <Filter>Metasequoia</Filter>
    </ClCompile>
    <ClCompile Include="..\Packer\SourceCode\Metasequoia\McVanilla.cpp">
      <Filter>Metasequoia</Filter>
    </ClCompile>
    <ClCompile Include="..\Packer\SourceCode\Exporter\ExCollisionAnalytical.cpp">
      <Filter>SourceCode\Exporter</Filter>
    </ClCompile>
    <ClCompile Include="..\Packer\SourceCode\Exporter\ExCollisionMesh.cpp">
      <Filter>SourceCode\Exporter</Filter>
    </ClCompile>
    <ClCompile Include="..\Packer\SourceCode\Exporter\ExExporter.cpp">
      <Filter>SourceCode\Exporter</Filter>
    </ClCompile>
    <ClCompile Include="..\Packer\SourceCode\Exporter\ExFlash.cpp">
      <Filter>SourceCode\Exporter</Filter>
    </ClCompile>
    <ClCompile Include="..\Packer\SourceCode\Exporter\ExFont.cpp">
      <Filter>SourceCode\Exporter</Filter>
    </ClCompile>
    <ClCompile Include="..\Packer\SourceCode\Exporter\ExIndexBuffer.cpp">
      <Filter>SourceCode\Exporter</Filter>
    </ClCompile>
    <ClCompile Include="..\Packer\SourceCode\Exporter\ExMaterial.cpp">
      <Filter>SourceCode\Exporter</Filter>
    </ClCompile>
    <ClCompile Include="..\Packer\SourceCode\Exporter\ExMaterialList.cpp">
      <Filter>SourceCode\Exporter</Filter>
    </ClCompile>
    <ClCompile Include="..\Packer\SourceCode\Exporter\ExResource.cpp">
      <Filter>SourceCode\Exporter</Filter>
    </ClCompile>
    <ClCompile Include="..\Packer\SourceCode\Exporter\ExRigidBody.cpp">
      <Filter>SourceCode\Exporter</Filter>
    </ClCompile>
    <ClCompile Include="..\Packer\SourceCode\Exporter\ExScene.cpp">
      <Filter>SourceCode\Exporter</Filter>
    </ClCompile>
    <ClCompile Include="..\Packer\SourceCode\Exporter\ExSgAnimation.cpp">
      <Filter>SourceCode\Exporter</Filter>
    </ClCompile>
    <ClCompile Include="..\Packer\SourceCode\Exporter\ExSgBlendShape.cpp">
      <Filter>SourceCode\Exporter</Filter>
    </ClCompile>
    <ClCompile Include="..\Packer\SourceCode\Exporter\ExSgBone.cpp">
      <Filter>SourceCode\Exporter</Filter>
    </ClCompile>
    <ClCompile Include="..\Packer\SourceCode\Exporter\ExSgCamera.cpp">
      <Filter>SourceCode\Exporter</Filter>
    </ClCompile>
    <ClCompile Include="..\Packer\SourceCode\Exporter\ExSgCollision.cpp">
      <Filter>SourceCode\Exporter</Filter>
    </ClCompile>
    <ClCompile Include="..\Packer\SourceCode\Exporter\ExSgLight.cpp">
      <Filter>SourceCode\Exporter</Filter>
    </ClCompile>
    <ClCompile Include="..\Packer\SourceCode\Exporter\ExSgMesh.cpp">
      <Filter>SourceCode\Exporter</Filter>
    </ClCompile>
    <ClCompile Include="..\Packer\SourceCode\Exporter\ExSgNode.cpp">
      <Filter>SourceCode\Exporter</Filter>
    </ClCompile>
    <ClCompile Include="..\Packer\SourceCode\Exporter\ExSgSkin.cpp">
      <Filter>SourceCode\Exporter</Filter>
    </ClCompile>
    <ClCompile Include="..\Packer\SourceCode\Exporter\ExShader.cpp">
      <Filter>SourceCode\Exporter</Filter>
    </ClCompile>
    <ClCompile Include="..\Packer\SourceCode\Exporter\ExSound.cpp">
      <Filter>SourceCode\Exporter</Filter>
    </ClCompile>
    <ClCompile Include="..\Packer\SourceCode\Exporter\ExSprites.cpp">
      <Filter>SourceCode\Exporter</Filter>
    </ClCompile>
    <ClCompile Include="..\Packer\SourceCode\Exporter\ExStandardShader.cpp">
      <Filter>SourceCode\Exporter</Filter>
    </ClCompile>
    <ClCompile Include="..\Packer\SourceCode\Exporter\ExStrings.cpp">
      <Filter>SourceCode\Exporter</Filter>
    </ClCompile>
    <ClCompile Include="..\Packer\SourceCode\Exporter\ExStrip.cpp">
      <Filter>SourceCode\Exporter</Filter>
    </ClCompile>
    <ClCompile Include="..\Packer\SourceCode\Exporter\ExTexture.cpp">
      <Filter>SourceCode\Exporter</Filter>
    </ClCompile>
    <ClCompile Include="..\Packer\SourceCode\Exporter\ExTextureList.cpp">
      <Filter>SourceCode\Exporter</Filter>
    </ClCompile>
    <ClCompile Include="..\Packer\SourceCode\Exporter\ExUserData.cpp">
      <Filter>SourceCode\Exporter</Filter>
    </ClCompile>
    <ClCompile Include="..\Packer\SourceCode\Exporter\ExVertex.cpp">
      <Filter>SourceCode\Exporter</Filter>
    </ClCompile>
    <ClCompile Include="..\Packer\SourceCode\Exporter\ExVertexBuffer.cpp">
      <Filter>SourceCode\Exporter</Filter>
    </ClCompile>
    <ClCompile Include="..\Packer\SourceCode\Exporter\ExVertexJointWeightPairs.cpp">
      <Filter>SourceCode\Exporter</Filter>
    </ClCompile>
  </ItemGroup>
  <ItemGroup>
    <Xml Include="..\..\GameFramework_Packer\config.xml">
      <Filter>Config</Filter>
    </Xml>
  </ItemGroup>
</Project>