Microsoft Visual Studio Solution File, Format Version 12.00
# Visual Studio 14
VisualStudioVersion = 14.0.25420.1
MinimumVisualStudioVersion = 10.0.40219.1
Project("{2150E333-8FDC-42A3-9474-1A3956D46DE8}") = "ThirdParty", "ThirdParty", "{5F6E9EB0-5870-4F66-9C76-EFFEF77F598C}"
EndProject
Project("{8BC9CEB8-8B4A-11D0-8D11-00A0C91BC942}") = "Zlib", "..\..\GameFramework_ThirdParty\ZLib\Zlib\Zlib.vcxproj", "{71BCB9C3-B2FA-4EB1-8734-CE236658B26B}"
EndProject
Project("{8BC9CEB8-8B4A-11D0-8D11-00A0C91BC942}") = "JSON", "..\..\GameFramework_ThirdParty\JSON\JSON\JSON.vcxproj", "{6C9D89E7-72AC-4092-8E1B-69CD107C3183}"
EndProject
Project("{8BC9CEB8-8B4A-11D0-8D11-00A0C91BC942}") = "LibXML", "..\..\GameFramework_ThirdParty\FCollada\FCollada\LibXML\LibXML.vcxproj", "{D7F466F4-2AEA-4648-BE09-024C887BC157}"
EndProject
Project("{8BC9CEB8-8B4A-11D0-8D11-00A0C91BC942}") = "Corona", "..\..\GameFramework_ThirdParty\Corona\Corona.vcxproj", "{A4BF679B-BEC9-43BB-B6AE-BDAF39F0AA6A}"
EndProject
Project("{8BC9CEB8-8B4A-11D0-8D11-00A0C91BC942}") = "FArchiveXML", "..\..\GameFramework_ThirdParty\FCollada\FColladaPlugins\FArchiveXML\FArchiveXML.vcxproj", "{5A441CC6-F281-4A83-8BC4-323D4148C7C0}"
EndProject
Project("{8BC9CEB8-8B4A-11D0-8D11-00A0C91BC942}") = "FCollada", "..\..\GameFramework_ThirdParty\FCollada\FCollada\FCollada.vcxproj", "{FF956BB3-F377-43A8-AB31-633299BDF6C6}"
EndProject
Project("{8BC9CEB8-8B4A-11D0-8D11-00A0C91BC942}") = "Packer_Win32", "Packer_Win32.vcxproj", "{65065A68-49F3-4AF0-A929-460922C5926A}"
EndProject
Global
	GlobalSection(SolutionConfigurationPlatforms) = preSolution
		Debug|Win32 = Debug|Win32
		Debug|x64 = Debug|x64
		Release|Win32 = Release|Win32
		Release|x64 = Release|x64
	EndGlobalSection
	GlobalSection(ProjectConfigurationPlatforms) = postSolution
		{71BCB9C3-B2FA-4EB1-8734-CE236658B26B}.Debug|Win32.ActiveCfg = Debug|Win32
		{71BCB9C3-B2FA-4EB1-8734-CE236658B26B}.Debug|Win32.Build.0 = Debug|Win32
		{71BCB9C3-B2FA-4EB1-8734-CE236658B26B}.Debug|x64.ActiveCfg = Debug|Win32
		{71BCB9C3-B2FA-4EB1-8734-CE236658B26B}.Release|Win32.ActiveCfg = Release|Win32
		{71BCB9C3-B2FA-4EB1-8734-CE236658B26B}.Release|Win32.Build.0 = Release|Win32
		{71BCB9C3-B2FA-4EB1-8734-CE236658B26B}.Release|x64.ActiveCfg = Release|Win32
		{6C9D89E7-72AC-4092-8E1B-69CD107C3183}.Debug|Win32.ActiveCfg = Debug|Win32
		{6C9D89E7-72AC-4092-8E1B-69CD107C3183}.Debug|Win32.Build.0 = Debug|Win32
		{6C9D89E7-72AC-4092-8E1B-69CD107C3183}.Debug|x64.ActiveCfg = Debug|Win32
		{6C9D89E7-72AC-4092-8E1B-69CD107C3183}.Release|Win32.ActiveCfg = Release|Win32
		{6C9D89E7-72AC-4092-8E1B-69CD107C3183}.Release|Win32.Build.0 = Release|Win32
		{6C9D89E7-72AC-4092-8E1B-69CD107C3183}.Release|x64.ActiveCfg = Release|Win32
		{D7F466F4-2AEA-4648-BE09-024C887BC157}.Debug|Win32.ActiveCfg = Debug|Win32
		{D7F466F4-2AEA-4648-BE09-024C887BC157}.Debug|Win32.Build.0 = Debug|Win32
		{D7F466F4-2AEA-4648-BE09-024C887BC157}.Debug|x64.ActiveCfg = Debug|x64
		{D7F466F4-2AEA-4648-BE09-024C887BC157}.Debug|x64.Build.0 = Debug|x64
		{D7F466F4-2AEA-4648-BE09-024C887BC157}.Release|Win32.ActiveCfg = Release|Win32
		{D7F466F4-2AEA-4648-BE09-024C887BC157}.Release|Win32.Build.0 = Release|Win32
		{D7F466F4-2AEA-4648-BE09-024C887BC157}.Release|x64.ActiveCfg = Release|x64
		{D7F466F4-2AEA-4648-BE09-024C887BC157}.Release|x64.Build.0 = Release|x64
		{A4BF679B-BEC9-43BB-B6AE-BDAF39F0AA6A}.Debug|Win32.ActiveCfg = Debug|Win32
		{A4BF679B-BEC9-43BB-B6AE-BDAF39F0AA6A}.Debug|Win32.Build.0 = Debug|Win32
		{A4BF679B-BEC9-43BB-B6AE-BDAF39F0AA6A}.Debug|x64.ActiveCfg = Debug|Win32
		{A4BF679B-BEC9-43BB-B6AE-BDAF39F0AA6A}.Release|Win32.ActiveCfg = Release|Win32
		{A4BF679B-BEC9-43BB-B6AE-BDAF39F0AA6A}.Release|Win32.Build.0 = Release|Win32
		{A4BF679B-BEC9-43BB-B6AE-BDAF39F0AA6A}.Release|x64.ActiveCfg = Release|Win32
		{5A441CC6-F281-4A83-8BC4-323D4148C7C0}.Debug|Win32.ActiveCfg = Debug|Win32
		{5A441CC6-F281-4A83-8BC4-323D4148C7C0}.Debug|Win32.Build.0 = Debug|Win32
		{5A441CC6-F281-4A83-8BC4-323D4148C7C0}.Debug|x64.ActiveCfg = Debug|x64
		{5A441CC6-F281-4A83-8BC4-323D4148C7C0}.Debug|x64.Build.0 = Debug|x64
		{5A441CC6-F281-4A83-8BC4-323D4148C7C0}.Release|Win32.ActiveCfg = Release|Win32
		{5A441CC6-F281-4A83-8BC4-323D4148C7C0}.Release|Win32.Build.0 = Release|Win32
		{5A441CC6-F281-4A83-8BC4-323D4148C7C0}.Release|x64.ActiveCfg = Release|x64
		{5A441CC6-F281-4A83-8BC4-323D4148C7C0}.Release|x64.Build.0 = Release|x64
		{FF956BB3-F377-43A8-AB31-633299BDF6C6}.Debug|Win32.ActiveCfg = Debug|Win32
		{FF956BB3-F377-43A8-AB31-633299BDF6C6}.Debug|Win32.Build.0 = Debug|Win32
		{FF956BB3-F377-43A8-AB31-633299BDF6C6}.Debug|x64.ActiveCfg = Debug|x64
		{FF956BB3-F377-43A8-AB31-633299BDF6C6}.Debug|x64.Build.0 = Debug|x64
		{FF956BB3-F377-43A8-AB31-633299BDF6C6}.Release|Win32.ActiveCfg = Release|Win32
		{FF956BB3-F377-43A8-AB31-633299BDF6C6}.Release|Win32.Build.0 = Release|Win32
		{FF956BB3-F377-43A8-AB31-633299BDF6C6}.Release|x64.ActiveCfg = Release|x64
		{FF956BB3-F377-43A8-AB31-633299BDF6C6}.Release|x64.Build.0 = Release|x64
		{65065A68-49F3-4AF0-A929-460922C5926A}.Debug|Win32.ActiveCfg = Debug|Win32
		{65065A68-49F3-4AF0-A929-460922C5926A}.Debug|Win32.Build.0 = Debug|Win32
		{65065A68-49F3-4AF0-A929-460922C5926A}.Debug|x64.ActiveCfg = Debug|Win32
		{65065A68-49F3-4AF0-A929-460922C5926A}.Release|Win32.ActiveCfg = Release|Win32
		{65065A68-49F3-4AF0-A929-460922C5926A}.Release|Win32.Build.0 = Release|Win32
		{65065A68-49F3-4AF0-A929-460922C5926A}.Release|x64.ActiveCfg = Release|Win32
	EndGlobalSection
	GlobalSection(SolutionProperties) = preSolution
		HideSolutionNode = FALSE
	EndGlobalSection
	GlobalSection(NestedProjects) = preSolution
		{71BCB9C3-B2FA-4EB1-8734-CE236658B26B} = {5F6E9EB0-5870-4F66-9C76-EFFEF77F598C}
		{6C9D89E7-72AC-4092-8E1B-69CD107C3183} = {5F6E9EB0-5870-4F66-9C76-EFFEF77F598C}
		{D7F466F4-2AEA-4648-BE09-024C887BC157} = {5F6E9EB0-5870-4F66-9C76-EFFEF77F598C}
		{A4BF679B-BEC9-43BB-B6AE-BDAF39F0AA6A} = {5F6E9EB0-5870-4F66-9C76-EFFEF77F598C}
		{5A441CC6-F281-4A83-8BC4-323D4148C7C0} = {5F6E9EB0-5870-4F66-9C76-EFFEF77F598C}
		{FF956BB3-F377-43A8-AB31-633299BDF6C6} = {5F6E9EB0-5870-4F66-9C76-EFFEF77F598C}
	EndGlobalSection
EndGlobal
