<?xml version="1.0" encoding="utf-8"?>
<Project ToolsVersion="4.0" xmlns="http://schemas.microsoft.com/developer/msbuild/2003">
  <ItemGroup>
    <ClCompile Include="ScCamera.cpp">
      <Filter>SourceCode\Camera</Filter>
    </ClCompile>
    <ClCompile Include="ScFrustum.cpp">
      <Filter>SourceCode\Camera</Filter>
    </ClCompile>
    <ClCompile Include="GaProject_3DScene.cpp">
      <Filter>SourceCode\Main</Filter>
    </ClCompile>
    <ClCompile Include="ScBubbles.cpp">
      <Filter>SourceCode\ParticleEffects</Filter>
    </ClCompile>
    <ClCompile Include="ScRenderSkybox.cpp">
      <Filter>SourceCode\Skybox</Filter>
    </ClCompile>
    <ClCompile Include="ScMain.cpp">
      <Filter>SourceCode\Main</Filter>
    </ClCompile>
    <ClCompile Include="ScModel.cpp">
      <Filter>SourceCode\Models</Filter>
    </ClCompile>
  </ItemGroup>
  <ItemGroup>
    <ClInclude Include="ScCamera.h">
      <Filter>SourceCode\Camera</Filter>
    </ClInclude>
    <ClInclude Include="ScFrustum.h">
      <Filter>SourceCode\Camera</Filter>
    </ClInclude>
    <ClInclude Include="ScBubbles.h">
      <Filter>SourceCode\ParticleEffects</Filter>
    </ClInclude>
    <ClInclude Include="ScRenderSkybox.h">
      <Filter>SourceCode\Skybox</Filter>
    </ClInclude>
    <ClInclude Include="ScParticle.h">
      <Filter>SourceCode\ParticleEffects</Filter>
    </ClInclude>
    <ClInclude Include="ScMain.h">
      <Filter>SourceCode\Main</Filter>
    </ClInclude>
    <ClInclude Include="ScModel.h">
      <Filter>SourceCode\Models</Filter>
    </ClInclude>
    <ClInclude Include="ScWorld.h">
      <Filter>SourceCode\Main</Filter>
    </ClInclude>
  </ItemGroup>
  <ItemGroup>
    <Filter Include="SourceCode">
      <UniqueIdentifier>{c21f67e3-0e23-4dc3-bd48-22a365b0bdd2}</UniqueIdentifier>
    </Filter>
    <Filter Include="SourceCode\Camera">
      <UniqueIdentifier>{5f82f562-0a05-49a0-a93e-235fffad0deb}</UniqueIdentifier>
    </Filter>
    <Filter Include="SourceCode\Main">
      <UniqueIdentifier>{1b77d58e-da46-4869-8d5e-ea3d564c7d4d}</UniqueIdentifier>
    </Filter>
    <Filter Include="SourceCode\Models">
      <UniqueIdentifier>{de37591a-9008-4679-bd89-b7043e7778a3}</UniqueIdentifier>
    </Filter>
    <Filter Include="SourceCode\Skybox">
      <UniqueIdentifier>{eb1671bd-a79a-4ad7-9a19-8ff592c32f4a}</UniqueIdentifier>
    </Filter>
    <Filter Include="GameData">
      <UniqueIdentifier>{cf1fb9cb-ec68-42c8-9170-519733005ad0}</UniqueIdentifier>
    </Filter>
    <Filter Include="GameData\Shaders">
      <UniqueIdentifier>{2915798c-c4c7-4863-8cdd-fa082c7c2f71}</UniqueIdentifier>
    </Filter>
    <Filter Include="SourceCode\ParticleEffects">
      <UniqueIdentifier>{c0425ed3-4c9d-41db-9e20-2d366cd0207b}</UniqueIdentifier>
    </Filter>
  </ItemGroup>
  <ItemGroup>
    <None Include="..\GameData\Game.Archive\Shaders\shader.gl">
      <Filter>GameData\Shaders</Filter>
    </None>
    <None Include="..\GameData\Game.Archive\Shaders\shaderLit.vert">
      <Filter>GameData\Shaders</Filter>
    </None>
    <None Include="..\GameData\Game.Archive\Shaders\shaderSkin.vert">
      <Filter>GameData\Shaders</Filter>
    </None>
    <None Include="..\GameData\Game.Archive\Shaders\shaderTextured.vert">
      <Filter>GameData\Shaders</Filter>
    </None>
    <None Include="..\GameData\Game.Archive\Shaders\shaderLitTextured.frag">
      <Filter>GameData\Shaders</Filter>
    </None>
    <None Include="..\GameData\Game.Archive\Shaders\projectedTexture.frag">
      <Filter>GameData\Shaders</Filter>
    </None>
    <None Include="..\GameData\Game.Archive\Shaders\shaderLit.frag">
      <Filter>GameData\Shaders</Filter>
    </None>
    <None Include="..\GameData\Game.Archive\Shaders\shaderPassThrough.frag">
      <Filter>GameData\Shaders</Filter>
    </None>
    <None Include="..\GameData\Game.Archive\Shaders\shaderSkin.frag">
      <Filter>GameData\Shaders</Filter>
    </None>
    <None Include="..\GameData\Game.Archive\Shaders\shaderTextured.frag">
      <Filter>GameData\Shaders</Filter>
    </None>
    <None Include="..\GameData\Game.Archive\Shaders\shadow.frag">
      <Filter>GameData\Shaders</Filter>
    </None>
  </ItemGroup>
</Project>