<?xml version="1.0" encoding="utf-8"?>
<Project ToolsVersion="4.0" xmlns="http://schemas.microsoft.com/developer/msbuild/2003">
  <ItemGroup>
    <ClCompile Include="SbCamera.cpp">
      <Filter>WrapperClasses\Camera</Filter>
    </ClCompile>
    <ClCompile Include="SbModel.cpp">
      <Filter>WrapperClasses\Augmented cards\Models</Filter>
    </ClCompile>
    <ClCompile Include="SbSound.cpp">
      <Filter>WrapperClasses\Augmented cards\Sound</Filter>
    </ClCompile>
    <ClCompile Include="SbSprite.cpp">
      <Filter>WrapperClasses\Augmented cards\Sprite</Filter>
    </ClCompile>
    <ClCompile Include="SbRenderSkybox.cpp">
      <Filter>WrapperClasses\Augmented cards\Skybox</Filter>
    </ClCompile>
    <ClCompile Include="SbSmoke.cpp">
      <Filter>WrapperClasses\Augmented cards\ParticleFX</Filter>
    </ClCompile>
    <ClCompile Include="SbPeers.cpp">
      <Filter>WrapperClasses\Multiplayer</Filter>
    </ClCompile>
    <ClCompile Include="CgCard1.cpp">
      <Filter>SourceCode</Filter>
    </ClCompile>
    <ClCompile Include="SbMain.cpp">
      <Filter>SourceCode</Filter>
    </ClCompile>
    <ClCompile Include="CgCard2.cpp">
      <Filter>SourceCode</Filter>
    </ClCompile>
    <ClCompile Include="CgCard3.cpp">
      <Filter>SourceCode</Filter>
    </ClCompile>
    <ClCompile Include="CgCard4.cpp">
      <Filter>SourceCode</Filter>
    </ClCompile>
  </ItemGroup>
  <ItemGroup>
    <ClInclude Include="SbCamera.h">
      <Filter>WrapperClasses\Camera</Filter>
    </ClInclude>
    <ClInclude Include="SbModel.h">
      <Filter>WrapperClasses\Augmented cards\Models</Filter>
    </ClInclude>
    <ClInclude Include="SbSound.h">
      <Filter>WrapperClasses\Augmented cards\Sound</Filter>
    </ClInclude>
    <ClInclude Include="SbSprite.h">
      <Filter>WrapperClasses\Augmented cards\Sprite</Filter>
    </ClInclude>
    <ClInclude Include="SbRenderSkybox.h">
      <Filter>WrapperClasses\Augmented cards\Skybox</Filter>
    </ClInclude>
    <ClInclude Include="SbParticle.h">
      <Filter>WrapperClasses\Augmented cards\ParticleFX</Filter>
    </ClInclude>
    <ClInclude Include="SbSmoke.h">
      <Filter>WrapperClasses\Augmented cards\ParticleFX</Filter>
    </ClInclude>
    <ClInclude Include="SbPeers.h">
      <Filter>WrapperClasses\Multiplayer</Filter>
    </ClInclude>
    <ClInclude Include="CgCard1.h">
      <Filter>SourceCode</Filter>
    </ClInclude>
    <ClInclude Include="SbMain.h">
      <Filter>SourceCode</Filter>
    </ClInclude>
    <ClInclude Include="SbWorld.h">
      <Filter>SourceCode</Filter>
    </ClInclude>
    <ClInclude Include="CgCard2.h">
      <Filter>SourceCode</Filter>
    </ClInclude>
    <ClInclude Include="CgCard3.h">
      <Filter>SourceCode</Filter>
    </ClInclude>
    <ClInclude Include="CgCard4.h">
      <Filter>SourceCode</Filter>
    </ClInclude>
  </ItemGroup>
  <ItemGroup>
    <Filter Include="SourceCode">
      <UniqueIdentifier>{c21f67e3-0e23-4dc3-bd48-22a365b0bdd2}</UniqueIdentifier>
    </Filter>
    <Filter Include="GameData">
      <UniqueIdentifier>{0fd7b610-50db-4d5c-add8-ff9a8b85ef0c}</UniqueIdentifier>
    </Filter>
    <Filter Include="WrapperClasses">
      <UniqueIdentifier>{cd4090f8-cea4-4429-b03c-22d2205be60f}</UniqueIdentifier>
    </Filter>
    <Filter Include="WrapperClasses\Multiplayer">
      <UniqueIdentifier>{a1dc79b4-c7fa-48ec-af62-765a87053a01}</UniqueIdentifier>
    </Filter>
    <Filter Include="WrapperClasses\Augmented cards">
      <UniqueIdentifier>{78688cf7-b311-4fe6-8b08-a0aacca1eb41}</UniqueIdentifier>
    </Filter>
    <Filter Include="WrapperClasses\Augmented cards\ParticleFX">
      <UniqueIdentifier>{fd651c53-35db-4939-8f46-d55865d0cfde}</UniqueIdentifier>
    </Filter>
    <Filter Include="WrapperClasses\Augmented cards\Sound">
      <UniqueIdentifier>{6d0839fc-9f13-4717-8330-2d5dac944848}</UniqueIdentifier>
    </Filter>
    <Filter Include="WrapperClasses\Augmented cards\Skybox">
      <UniqueIdentifier>{eb1671bd-a79a-4ad7-9a19-8ff592c32f4a}</UniqueIdentifier>
    </Filter>
    <Filter Include="WrapperClasses\Augmented cards\Models">
      <UniqueIdentifier>{de37591a-9008-4679-bd89-b7043e7778a3}</UniqueIdentifier>
    </Filter>
    <Filter Include="WrapperClasses\Camera">
      <UniqueIdentifier>{5f82f562-0a05-49a0-a93e-235fffad0deb}</UniqueIdentifier>
    </Filter>
    <Filter Include="WrapperClasses\Augmented cards\Sprite">
      <UniqueIdentifier>{7243853d-9c1f-48ad-b8bd-845a7ccbe66f}</UniqueIdentifier>
    </Filter>
  </ItemGroup>
  <ItemGroup>
    <Text Include="..\GameData\Card1.Archive\userdata\card1.txt">
      <Filter>GameData</Filter>
    </Text>
    <Text Include="..\GameData\Card2.Archive\userdata\card2.txt">
      <Filter>GameData</Filter>
    </Text>
    <Text Include="..\GameData\Card3.Archive\userdata\card3.txt">
      <Filter>GameData</Filter>
    </Text>
    <Text Include="..\GameData\Card4.Archive\userdata\card4.txt">
      <Filter>GameData</Filter>
    </Text>
  </ItemGroup>
</Project>