<?xml version="1.0" encoding="utf-8"?>
<Project ToolsVersion="4.0" xmlns="http://schemas.microsoft.com/developer/msbuild/2003">
  <ItemGroup>
    <Filter Include="BatchFiles">
      <UniqueIdentifier>{ba6cf185-480a-4c65-96e1-266f525305d2}</UniqueIdentifier>
    </Filter>
    <Filter Include="Source">
      <UniqueIdentifier>{a65a8f09-f74f-4901-9995-6731c4d8f5ad}</UniqueIdentifier>
    </Filter>
  </ItemGroup>
  <ItemGroup>
    <None Include="..\TurnTakingPlay\BatchFiles\OpenGameData.bat">
      <Filter>BatchFiles</Filter>
    </None>
    <None Include="..\TurnTakingPlay\BatchFiles\Pack.bat">
      <Filter>BatchFiles</Filter>
    </None>
    <None Include="..\TurnTakingPlay\BatchFiles\Publish.bat">
      <Filter>BatchFiles</Filter>
    </None>
  </ItemGroup>
  <ItemGroup>
    <ClCompile Include="..\TurnTakingPlay\SourceCode\GaProject_TurnTakingPlay.cpp">
      <Filter>Source</Filter>
    </ClCompile>
  </ItemGroup>
</Project>