<?xml version="1.0" encoding="utf-8"?>
<Project ToolsVersion="4.0" xmlns="http://schemas.microsoft.com/developer/msbuild/2003">
  <ItemGroup>
    <ClCompile Include="Application\ApConfig.cpp">
      <Filter>App</Filter>
    </ClCompile>
    <ClCompile Include="Base\BtCRC.cpp">
      <Filter>Base</Filter>
    </ClCompile>
    <ClCompile Include="Base\BtPrint.cpp">
      <Filter>Base</Filter>
    </ClCompile>
    <ClCompile Include="Base\Win32\BtThread.cpp">
      <Filter>Base</Filter>
    </ClCompile>
    <ClCompile Include="Base\Win32\BtTimeDX11.cpp">
      <Filter>Base</Filter>
    </ClCompile>
    <ClCompile Include="Maths\MtAABB.cpp">
      <Filter>Maths</Filter>
    </ClCompile>
    <ClCompile Include="Maths\MtLine.cpp">
      <Filter>Maths</Filter>
    </ClCompile>
    <ClCompile Include="Maths\MtMath.cpp">
      <Filter>Maths</Filter>
    </ClCompile>
    <ClCompile Include="Maths\MtMatrix3.cpp">
      <Filter>Maths</Filter>
    </ClCompile>
    <ClCompile Include="Maths\MtMatrix4.cpp">
      <Filter>Maths</Filter>
    </ClCompile>
    <ClCompile Include="Maths\MtPlane.cpp">
      <Filter>Maths</Filter>
    </ClCompile>
    <ClCompile Include="Maths\MtPoint.cpp">
      <Filter>Maths</Filter>
    </ClCompile>
    <ClCompile Include="Maths\MtQuad.cpp">
      <Filter>Maths</Filter>
    </ClCompile>
    <ClCompile Include="Maths\MtQuaternion.cpp">
      <Filter>Maths</Filter>
    </ClCompile>
    <ClCompile Include="Maths\MtRay.cpp">
      <Filter>Maths</Filter>
    </ClCompile>
    <ClCompile Include="Maths\MtSphere.cpp">
      <Filter>Maths</Filter>
    </ClCompile>
    <ClCompile Include="Maths\MtTriangle.cpp">
      <Filter>Maths</Filter>
    </ClCompile>
    <ClCompile Include="Maths\MtVector2.cpp">
      <Filter>Maths</Filter>
    </ClCompile>
    <ClCompile Include="Maths\MtVector3.cpp">
      <Filter>Maths</Filter>
    </ClCompile>
    <ClCompile Include="Maths\MtVector4.cpp">
      <Filter>Maths</Filter>
    </ClCompile>
    <ClCompile Include="RenderSystem\RsCamera.cpp">
      <Filter>RenderSystem</Filter>
    </ClCompile>
    <ClCompile Include="RenderSystem\RsColour.cpp">
      <Filter>RenderSystem</Filter>
    </ClCompile>
    <ClCompile Include="RenderSystem\RsFrustum.cpp">
      <Filter>RenderSystem</Filter>
    </ClCompile>
    <ClCompile Include="RenderSystem\RsImpl.cpp">
      <Filter>RenderSystem</Filter>
    </ClCompile>
    <ClCompile Include="RenderSystem\RsRenderTarget.cpp">
      <Filter>RenderSystem</Filter>
    </ClCompile>
    <ClCompile Include="RenderSystem\RsResourceManager.cpp">
      <Filter>RenderSystem</Filter>
    </ClCompile>
    <ClCompile Include="RenderSystem\RsShader.cpp">
      <Filter>RenderSystem</Filter>
    </ClCompile>
    <ClCompile Include="RenderSystem\RsUtil.cpp">
      <Filter>RenderSystem</Filter>
    </ClCompile>
    <ClCompile Include="FileSystem\FsFile.cpp">
      <Filter>File</Filter>
    </ClCompile>
    <ClCompile Include="Dynamics\DyCollisionAnalytical.cpp">
      <Filter>Collision</Filter>
    </ClCompile>
    <ClCompile Include="Dynamics\DyCollisionMesh.cpp">
      <Filter>Collision</Filter>
    </ClCompile>
    <ClCompile Include="ErrorLog\ErrorLog.cpp">
      <Filter>ErrorLog</Filter>
    </ClCompile>
    <ClCompile Include="BinaryArchive\BaResource.cpp">
      <Filter>Archive</Filter>
    </ClCompile>
    <ClCompile Include="BinaryArchive\LBaUserData.cpp">
      <Filter>Archive</Filter>
    </ClCompile>
    <ClCompile Include="Base\LBtCompressedFile.cpp">
      <Filter>Archive</Filter>
    </ClCompile>
    <ClCompile Include="RandomNumbers\LRdRandom.cpp">
      <Filter>Base</Filter>
    </ClCompile>
    <ClCompile Include="Base\LBtMemory.cpp">
      <Filter>Base</Filter>
    </ClCompile>
    <ClCompile Include="Base\LBtString.cpp">
      <Filter>Base</Filter>
    </ClCompile>
    <ClCompile Include="Base\LBtTime.cpp">
      <Filter>Base</Filter>
    </ClCompile>
    <ClCompile Include="UserInterface\Ui360.cpp">
      <Filter>UserInput</Filter>
    </ClCompile>
    <ClCompile Include="UserInterface\UiKeyboard.cpp">
      <Filter>UserInput</Filter>
    </ClCompile>
    <ClCompile Include="SceneGraph\SgBlendShapeImpl.cpp">
      <Filter>SceneGraph</Filter>
    </ClCompile>
    <ClCompile Include="SceneGraph\SgLightImpl.cpp">
      <Filter>SceneGraph</Filter>
    </ClCompile>
    <ClCompile Include="SceneGraph\SgRigidBodyImpl.cpp">
      <Filter>SceneGraph</Filter>
    </ClCompile>
    <ClCompile Include="BinaryArchive\BaArchive.cpp">
      <Filter>Archive</Filter>
    </ClCompile>
    <ClCompile Include="RenderSystem\RsIndexBuffer.cpp">
      <Filter>RenderSystem</Filter>
    </ClCompile>
  </ItemGroup>
  <ItemGroup>
    <ClInclude Include="includes\ApConfig.h">
      <Filter>App</Filter>
    </ClInclude>
    <ClInclude Include="includes\BtArray.h">
      <Filter>Base</Filter>
    </ClInclude>
    <ClInclude Include="includes\BtBase.h">
      <Filter>Base</Filter>
    </ClInclude>
    <ClInclude Include="includes\BtCollection.h">
      <Filter>Base</Filter>
    </ClInclude>
    <ClInclude Include="includes\BtLinkedList.h">
      <Filter>Base</Filter>
    </ClInclude>
    <ClInclude Include="includes\BtMemory.h">
      <Filter>Base</Filter>
    </ClInclude>
    <ClInclude Include="includes\BtPrint.h">
      <Filter>Base</Filter>
    </ClInclude>
    <ClInclude Include="includes\BtQueue.h">
      <Filter>Base</Filter>
    </ClInclude>
    <ClInclude Include="includes\BtString.h">
      <Filter>Base</Filter>
    </ClInclude>
    <ClInclude Include="includes\BtThread.h">
      <Filter>Base</Filter>
    </ClInclude>
    <ClInclude Include="includes\BtTime.h">
      <Filter>Base</Filter>
    </ClInclude>
    <ClInclude Include="Base\Win32\BtTimeDX11.h">
      <Filter>Base</Filter>
    </ClInclude>
    <ClInclude Include="includes\BtTypes.h">
      <Filter>Base</Filter>
    </ClInclude>
    <ClInclude Include="includes\MtVector4.h">
      <Filter>Maths</Filter>
    </ClInclude>
    <ClInclude Include="includes\MtLine.h">
      <Filter>Maths</Filter>
    </ClInclude>
    <ClInclude Include="includes\MtMath.h">
      <Filter>Maths</Filter>
    </ClInclude>
    <ClInclude Include="includes\MtMatrix3.h">
      <Filter>Maths</Filter>
    </ClInclude>
    <ClInclude Include="includes\MtMatrix4.h">
      <Filter>Maths</Filter>
    </ClInclude>
    <ClInclude Include="includes\MtPlane.h">
      <Filter>Maths</Filter>
    </ClInclude>
    <ClInclude Include="includes\MtPoint.h">
      <Filter>Maths</Filter>
    </ClInclude>
    <ClInclude Include="includes\MtQuad.h">
      <Filter>Maths</Filter>
    </ClInclude>
    <ClInclude Include="includes\MtQuaternion.h">
      <Filter>Maths</Filter>
    </ClInclude>
    <ClInclude Include="includes\MtRay.h">
      <Filter>Maths</Filter>
    </ClInclude>
    <ClInclude Include="includes\MtSphere.h">
      <Filter>Maths</Filter>
    </ClInclude>
    <ClInclude Include="includes\MtTriangle.h">
      <Filter>Maths</Filter>
    </ClInclude>
    <ClInclude Include="includes\MtVector2.h">
      <Filter>Maths</Filter>
    </ClInclude>
    <ClInclude Include="includes\MtVector3.h">
      <Filter>Maths</Filter>
    </ClInclude>
    <ClInclude Include="includes\RsViewport.h">
      <Filter>RenderSystem</Filter>
    </ClInclude>
    <ClInclude Include="includes\RsCamera.h">
      <Filter>RenderSystem</Filter>
    </ClInclude>
    <ClInclude Include="includes\RsColour.h">
      <Filter>RenderSystem</Filter>
    </ClInclude>
    <ClInclude Include="includes\RsFlash.h">
      <Filter>RenderSystem</Filter>
    </ClInclude>
    <ClInclude Include="includes\RsFont.h">
      <Filter>RenderSystem</Filter>
    </ClInclude>
    <ClInclude Include="includes\RsFrustum.h">
      <Filter>RenderSystem</Filter>
    </ClInclude>
    <ClInclude Include="RenderSystem\RsImpl.h">
      <Filter>RenderSystem</Filter>
    </ClInclude>
    <ClInclude Include="includes\RsMaterial.h">
      <Filter>RenderSystem</Filter>
    </ClInclude>
    <ClInclude Include="includes\RsPrimitive.h">
      <Filter>RenderSystem</Filter>
    </ClInclude>
    <ClInclude Include="includes\RsRenderTarget.h">
      <Filter>RenderSystem</Filter>
    </ClInclude>
    <ClInclude Include="includes\RsRenderTypes.h">
      <Filter>RenderSystem</Filter>
    </ClInclude>
    <ClInclude Include="RenderSystem\RsResourceManager.h">
      <Filter>RenderSystem</Filter>
    </ClInclude>
    <ClInclude Include="includes\RsShader.h">
      <Filter>RenderSystem</Filter>
    </ClInclude>
    <ClInclude Include="includes\RsSprite.h">
      <Filter>RenderSystem</Filter>
    </ClInclude>
    <ClInclude Include="includes\RsTexture.h">
      <Filter>RenderSystem</Filter>
    </ClInclude>
    <ClInclude Include="includes\RsUtil.h">
      <Filter>RenderSystem</Filter>
    </ClInclude>
    <ClInclude Include="includes\RsVertex.h">
      <Filter>RenderSystem</Filter>
    </ClInclude>
    <ClInclude Include="Dynamics\DyCollisionAnalytical.h">
      <Filter>Collision</Filter>
    </ClInclude>
    <ClInclude Include="Dynamics\DyCollisionMesh.h">
      <Filter>Collision</Filter>
    </ClInclude>
    <ClInclude Include="includes\BaArchive.h">
      <Filter>Archive</Filter>
    </ClInclude>
    <ClInclude Include="BinaryArchive\BaFileData.h">
      <Filter>Archive</Filter>
    </ClInclude>
    <ClInclude Include="includes\BaDuplicate.h">
      <Filter>Archive</Filter>
    </ClInclude>
    <ClInclude Include="includes\BaResource.h">
      <Filter>Archive</Filter>
    </ClInclude>
    <ClInclude Include="includes\RdRandom.h">
      <Filter>Random</Filter>
    </ClInclude>
    <ClInclude Include="includes\Ui360.h">
      <Filter>UserInput</Filter>
    </ClInclude>
    <ClInclude Include="includes\UiJoystick.h">
      <Filter>UserInput</Filter>
    </ClInclude>
    <ClInclude Include="includes\UiKeyboard.h">
      <Filter>UserInput</Filter>
    </ClInclude>
    <ClInclude Include="includes\UiMouse.h">
      <Filter>UserInput</Filter>
    </ClInclude>
    <ClInclude Include="includes\SdSound.h">
      <Filter>Sound</Filter>
    </ClInclude>
    <ClInclude Include="includes\SgAnimator.h">
      <Filter>SceneGraph</Filter>
    </ClInclude>
    <ClInclude Include="includes\SgBlendShape.h">
      <Filter>SceneGraph</Filter>
    </ClInclude>
    <ClInclude Include="SceneGraph\SgBlendShapeImpl.h">
      <Filter>SceneGraph</Filter>
    </ClInclude>
    <ClInclude Include="includes\SgBone.h">
      <Filter>SceneGraph</Filter>
    </ClInclude>
    <ClInclude Include="SceneGraph\SgBoneImpl.h">
      <Filter>SceneGraph</Filter>
    </ClInclude>
    <ClInclude Include="includes\SgCamera.h">
      <Filter>SceneGraph</Filter>
    </ClInclude>
    <ClInclude Include="SceneGraph\SgCameraImpl.h">
      <Filter>SceneGraph</Filter>
    </ClInclude>
    <ClInclude Include="includes\SgCollision.h">
      <Filter>SceneGraph</Filter>
    </ClInclude>
    <ClInclude Include="includes\SgLight.h">
      <Filter>SceneGraph</Filter>
    </ClInclude>
    <ClInclude Include="SceneGraph\SgLightImpl.h">
      <Filter>SceneGraph</Filter>
    </ClInclude>
    <ClInclude Include="includes\SgMaterial.h">
      <Filter>SceneGraph</Filter>
    </ClInclude>
    <ClInclude Include="includes\SgMesh.h">
      <Filter>SceneGraph</Filter>
    </ClInclude>
    <ClInclude Include="includes\SgNode.h">
      <Filter>SceneGraph</Filter>
    </ClInclude>
    <ClInclude Include="includes\SgRigidBody.h">
      <Filter>SceneGraph</Filter>
    </ClInclude>
    <ClInclude Include="SceneGraph\SgRigidBodyImpl.h">
      <Filter>SceneGraph</Filter>
    </ClInclude>
    <ClInclude Include="includes\SgSkin.h">
      <Filter>SceneGraph</Filter>
    </ClInclude>
    <ClInclude Include="includes\RsIndexBuffer.h">
      <Filter>RenderSystem</Filter>
    </ClInclude>
  </ItemGroup>
  <ItemGroup>
    <Filter Include="Maths">
      <UniqueIdentifier>{4a5865ae-1a13-4be9-8c1c-919f3eff636f}</UniqueIdentifier>
    </Filter>
    <Filter Include="Base">
      <UniqueIdentifier>{457508be-f3f5-416c-8a6d-6cb4c2684c5e}</UniqueIdentifier>
    </Filter>
    <Filter Include="App">
      <UniqueIdentifier>{0315619b-28b6-4df1-adfd-3992ef16e18a}</UniqueIdentifier>
    </Filter>
    <Filter Include="RenderSystem">
      <UniqueIdentifier>{5175dd01-e572-42a4-afa4-bec95cbc55ac}</UniqueIdentifier>
    </Filter>
    <Filter Include="File">
      <UniqueIdentifier>{cadf65f9-2898-4dc1-a23c-ac0f7aa7cf15}</UniqueIdentifier>
    </Filter>
    <Filter Include="Collision">
      <UniqueIdentifier>{2ac3a5ec-6640-4018-b5ec-a7ce72d85a77}</UniqueIdentifier>
    </Filter>
    <Filter Include="ErrorLog">
      <UniqueIdentifier>{44e8bb57-6ce9-4cbb-8c1d-41f22a4a1de5}</UniqueIdentifier>
    </Filter>
    <Filter Include="Archive">
      <UniqueIdentifier>{0925479a-4557-49be-8a3f-eb583ebbe9f7}</UniqueIdentifier>
    </Filter>
    <Filter Include="Random">
      <UniqueIdentifier>{d8858083-a95d-49e7-a41b-a58dbfb7e18f}</UniqueIdentifier>
    </Filter>
    <Filter Include="UserInput">
      <UniqueIdentifier>{920ab60f-b6c0-43dc-a3c6-bebb994ee21d}</UniqueIdentifier>
    </Filter>
    <Filter Include="Sound">
      <UniqueIdentifier>{ecef723e-3a6a-412f-8503-89398cb8c5b4}</UniqueIdentifier>
    </Filter>
    <Filter Include="SceneGraph">
      <UniqueIdentifier>{07d0ef3b-d12d-42bc-b83b-c277d39aed74}</UniqueIdentifier>
    </Filter>
  </ItemGroup>
</Project>