<?xml version="1.0" encoding="utf-8"?>
<Project ToolsVersion="4.0" xmlns="http://schemas.microsoft.com/developer/msbuild/2003">
  <ItemGroup>
    <Filter Include="Source Files">
      <UniqueIdentifier>{4FC737F1-C7A5-4376-A066-2A32D752A2FF}</UniqueIdentifier>
      <Extensions>cpp;c;cc;cxx;def;odl;idl;hpj;bat;asm;asmx</Extensions>
    </Filter>
  </ItemGroup>
  <ItemGroup>
    <ClCompile Include="ShHMD.cpp">
      <Filter>Source Files</Filter>
    </ClCompile>
    <ClCompile Include="ShJoystick.cpp">
      <Filter>Source Files</Filter>
    </ClCompile>
    <ClCompile Include="ShTouch.cpp">
      <Filter>Source Files</Filter>
    </ClCompile>
    <ClCompile Include="ShAchievement.cpp">
      <Filter>Source Files</Filter>
    </ClCompile>
    <ClCompile Include="ShVibration.cpp">
      <Filter>Source Files</Filter>
    </ClCompile>
    <ClCompile Include="ShNetwork.cpp">
      <Filter>Source Files</Filter>
    </ClCompile>
    <ClCompile Include="ShIMU.cpp">
      <Filter>Source Files</Filter>
    </ClCompile>
    <ClCompile Include="ShMail.cpp">
      <Filter>Source Files</Filter>
    </ClCompile>
    <ClCompile Include="ShKeyboard.cpp">
      <Filter>Source Files</Filter>
    </ClCompile>
    <ClCompile Include="ShRecorder.cpp">
      <Filter>Source Files</Filter>
    </ClCompile>
    <ClCompile Include="ShCamera.cpp">
      <Filter>Source Files</Filter>
    </ClCompile>
  </ItemGroup>
  <ItemGroup>
    <ClInclude Include="ShHMD.h">
      <Filter>Source Files</Filter>
    </ClInclude>
    <ClInclude Include="ShJoystick.h">
      <Filter>Source Files</Filter>
    </ClInclude>
    <ClInclude Include="ShTouch.h">
      <Filter>Source Files</Filter>
    </ClInclude>
    <ClInclude Include="ShAchievement.h">
      <Filter>Source Files</Filter>
    </ClInclude>
    <ClInclude Include="ShVibration.h">
      <Filter>Source Files</Filter>
    </ClInclude>
    <ClInclude Include="ShNetwork.h">
      <Filter>Source Files</Filter>
    </ClInclude>
    <ClInclude Include="ShIMU.h">
      <Filter>Source Files</Filter>
    </ClInclude>
    <ClInclude Include="ShMail.h">
      <Filter>Source Files</Filter>
    </ClInclude>
    <ClInclude Include="ShKeyboard.h">
      <Filter>Source Files</Filter>
    </ClInclude>
    <ClInclude Include="ShRecorder.h">
      <Filter>Source Files</Filter>
    </ClInclude>
    <ClInclude Include="ShCamera.h">
      <Filter>Source Files</Filter>
    </ClInclude>
  </ItemGroup>
</Project>