<?xml version="1.0" encoding="utf-8"?>
<Project ToolsVersion="4.0" xmlns="http://schemas.microsoft.com/developer/msbuild/2003">
  <ItemGroup>
    <Filter Include="BinaryArchive">
      <UniqueIdentifier>{93995380-89BD-4b04-88EB-625FBE52EBFB}</UniqueIdentifier>
      <Extensions>h;hpp;hxx;hm;inl;inc;xsd</Extensions>
    </Filter>
    <Filter Include="RenderSystem">
      <UniqueIdentifier>{67DA6AB6-F800-4c08-8B7A-83BB121AAD01}</UniqueIdentifier>
      <Extensions>rc;ico;cur;bmp;dlg;rc2;rct;bin;rgs;gif;jpg;jpeg;jpe;resx;tiff;tif;png;wav;mfcribbon-ms</Extensions>
    </Filter>
    <Filter Include="SceneGraph">
      <UniqueIdentifier>{4FC737F1-C7A5-4376-A066-2A32D752A2FF}</UniqueIdentifier>
      <Extensions>cpp;c;cc;cxx;def;odl;idl;hpj;bat;asm;asmx</Extensions>
    </Filter>
    <Filter Include="Sound">
      <UniqueIdentifier>{a6bcc40a-02c7-49c8-a737-0abc1006d513}</UniqueIdentifier>
    </Filter>
    <Filter Include="UserInterface">
      <UniqueIdentifier>{f390d657-e79e-4e3d-93c9-514f2b23e1fd}</UniqueIdentifier>
    </Filter>
    <Filter Include="Platform">
      <UniqueIdentifier>{f8591703-ac7c-4b84-9c62-1b6f7278e549}</UniqueIdentifier>
    </Filter>
  </ItemGroup>
  <ItemGroup>
    <ClCompile Include="RenderSystem\RsCapsWinGL.cpp">
      <Filter>RenderSystem</Filter>
    </ClCompile>
    <ClCompile Include="RenderSystem\RsFontWinGL.cpp">
      <Filter>RenderSystem</Filter>
    </ClCompile>
    <ClCompile Include="RenderSystem\RsImplWinGL.cpp">
      <Filter>RenderSystem</Filter>
    </ClCompile>
    <ClCompile Include="RenderSystem\RsIndexBufferWinGL.cpp">
      <Filter>RenderSystem</Filter>
    </ClCompile>
    <ClCompile Include="RenderSystem\RsMaterialWinGL.cpp">
      <Filter>RenderSystem</Filter>
    </ClCompile>
    <ClCompile Include="RenderSystem\RsRenderTargetWinGL.cpp">
      <Filter>RenderSystem</Filter>
    </ClCompile>
    <ClCompile Include="RenderSystem\RsSceneWinGL.cpp">
      <Filter>RenderSystem</Filter>
    </ClCompile>
    <ClCompile Include="RenderSystem\RsShaderWinGL.cpp">
      <Filter>RenderSystem</Filter>
    </ClCompile>
    <ClCompile Include="RenderSystem\RsSpriteWinGL.cpp">
      <Filter>RenderSystem</Filter>
    </ClCompile>
    <ClCompile Include="RenderSystem\RsTextureWinGL.cpp">
      <Filter>RenderSystem</Filter>
    </ClCompile>
    <ClCompile Include="RenderSystem\RsVertexBufferWinGL.cpp">
      <Filter>RenderSystem</Filter>
    </ClCompile>
    <ClCompile Include="SceneGraph\SgCollisionWinGL.cpp">
      <Filter>SceneGraph</Filter>
    </ClCompile>
    <ClCompile Include="SceneGraph\SgMaterialsWinGL.cpp">
      <Filter>SceneGraph</Filter>
    </ClCompile>
    <ClCompile Include="SceneGraph\SgMeshWinGL.cpp">
      <Filter>SceneGraph</Filter>
    </ClCompile>
    <ClCompile Include="SceneGraph\SgNodeWinGL.cpp">
      <Filter>SceneGraph</Filter>
    </ClCompile>
    <ClCompile Include="SceneGraph\SgSkinWinGL.cpp">
      <Filter>SceneGraph</Filter>
    </ClCompile>
    <ClCompile Include="Sound\SdSoundWinGL.cpp">
      <Filter>Sound</Filter>
    </ClCompile>
    <ClCompile Include="UserInterface\Ui360WinGL.cpp">
      <Filter>UserInterface</Filter>
    </ClCompile>
    <ClCompile Include="UserInterface\UiInputWinGL.cpp">
      <Filter>UserInterface</Filter>
    </ClCompile>
    <ClCompile Include="UserInterface\UiKeyboardWinGL.cpp">
      <Filter>UserInterface</Filter>
    </ClCompile>
    <ClCompile Include="SceneGraph\SgAnimatorWinGL.cpp">
      <Filter>SceneGraph</Filter>
    </ClCompile>
    <ClCompile Include="RenderSystem\RsFlashWinGL.cpp">
      <Filter>RenderSystem</Filter>
    </ClCompile>
    <ClCompile Include="RenderSystem\RsColourWinGL.cpp">
      <Filter>RenderSystem</Filter>
    </ClCompile>
    <ClCompile Include="Sound\SdSoundCaptureAL.cpp">
      <Filter>Sound</Filter>
    </ClCompile>
    <ClCompile Include="BinaryArchive\BaArchiveWinGL.cpp">
      <Filter>BinaryArchive</Filter>
    </ClCompile>
  </ItemGroup>
  <ItemGroup>
    <ClInclude Include="RenderSystem\RsCapsWinGL.h">
      <Filter>RenderSystem</Filter>
    </ClInclude>
    <ClInclude Include="RenderSystem\RsFontWinGL.h">
      <Filter>RenderSystem</Filter>
    </ClInclude>
    <ClInclude Include="RenderSystem\RsImplWinGL.h">
      <Filter>RenderSystem</Filter>
    </ClInclude>
    <ClInclude Include="RenderSystem\RsIndexBufferWinGL.h">
      <Filter>RenderSystem</Filter>
    </ClInclude>
    <ClInclude Include="RenderSystem\RsMaterialWinGL.h">
      <Filter>RenderSystem</Filter>
    </ClInclude>
    <ClInclude Include="RenderSystem\RsPrimitiveWinGL.h">
      <Filter>RenderSystem</Filter>
    </ClInclude>
    <ClInclude Include="RenderSystem\RsRenderTargetWinGL.h">
      <Filter>RenderSystem</Filter>
    </ClInclude>
    <ClInclude Include="RenderSystem\RsSceneWinGL.h">
      <Filter>RenderSystem</Filter>
    </ClInclude>
    <ClInclude Include="RenderSystem\RsShaderWinGL.h">
      <Filter>RenderSystem</Filter>
    </ClInclude>
    <ClInclude Include="RenderSystem\RsSpriteWinGL.h">
      <Filter>RenderSystem</Filter>
    </ClInclude>
    <ClInclude Include="RenderSystem\RsTextureWinGL.h">
      <Filter>RenderSystem</Filter>
    </ClInclude>
    <ClInclude Include="RenderSystem\RsVertexBufferWinGL.h">
      <Filter>RenderSystem</Filter>
    </ClInclude>
    <ClInclude Include="SceneGraph\SgCollisionWinGL.h">
      <Filter>SceneGraph</Filter>
    </ClInclude>
    <ClInclude Include="SceneGraph\SgMaterialsWinGL.h">
      <Filter>SceneGraph</Filter>
    </ClInclude>
    <ClInclude Include="SceneGraph\SgMeshWinGL.h">
      <Filter>SceneGraph</Filter>
    </ClInclude>
    <ClInclude Include="SceneGraph\SgNodeWinGL.h">
      <Filter>SceneGraph</Filter>
    </ClInclude>
    <ClInclude Include="SceneGraph\SgSkinWinGL.h">
      <Filter>SceneGraph</Filter>
    </ClInclude>
    <ClInclude Include="Sound\SdSoundWinGL.h">
      <Filter>Sound</Filter>
    </ClInclude>
    <ClInclude Include="UserInterface\UiInputWinGL.h">
      <Filter>UserInterface</Filter>
    </ClInclude>
    <ClInclude Include="UserInterface\UiKeyboardWinGL.h">
      <Filter>UserInterface</Filter>
    </ClInclude>
    <ClInclude Include="SceneGraph\SgAnimatorWinGL.h">
      <Filter>SceneGraph</Filter>
    </ClInclude>
    <ClInclude Include="SceneGraph\SgBoneWinGL.h">
      <Filter>SceneGraph</Filter>
    </ClInclude>
    <ClInclude Include="RenderSystem\RsFlashWinGL.h">
      <Filter>RenderSystem</Filter>
    </ClInclude>
    <ClInclude Include="Sound\SdSoundCaptureAL.h">
      <Filter>Sound</Filter>
    </ClInclude>
    <ClInclude Include="Platform\RsPlatform.h">
      <Filter>Platform</Filter>
    </ClInclude>
  </ItemGroup>
</Project>