Microsoft Visual Studio Solution File, Format Version 10.00
# Visual Studio 2008
Project("{8BC9CEB8-8B4A-11D0-8D11-00A0C91BC942}") = "Dynamics", "..\..\..\Dynamics\Dynamics.vcproj", "{36E1CA06-059B-42B9-B559-5AF7B90FF421}"
EndProject
Project("{8BC9CEB8-8B4A-11D0-8D11-00A0C91BC942}") = "FCollada", "..\FCollada\FCollada.vcproj", "{FF956BB3-F377-43A8-AB31-633299BDF6C6}"
	ProjectSection(ProjectDependencies) = postProject
		{D7F466F4-2AEA-4648-BE09-024C887BC157} = {D7F466F4-2AEA-4648-BE09-024C887BC157}
		{5A441CC6-F281-4A83-8BC4-323D4148C7C0} = {5A441CC6-F281-4A83-8BC4-323D4148C7C0}
	EndProjectSection
EndProject
Project("{8BC9CEB8-8B4A-11D0-8D11-00A0C91BC942}") = "FArchiveXML", "..\FColladaPlugins\FArchiveXML\FArchiveXML.vcproj", "{5A441CC6-F281-4A83-8BC4-323D4148C7C0}"
EndProject
Project("{8BC9CEB8-8B4A-11D0-8D11-00A0C91BC942}") = "LibXML", "..\FCollada\LibXML\LibXML.vcproj", "{D7F466F4-2AEA-4648-BE09-024C887BC157}"
EndProject
Project("{8BC9CEB8-8B4A-11D0-8D11-00A0C91BC942}") = "Utility", "..\..\..\Utility\Utility.vcproj", "{DB53ABA3-B562-4110-96CA-A8F9BE0E784E}"
EndProject
Project("{8BC9CEB8-8B4A-11D0-8D11-00A0C91BC942}") = "BaaConvert", "BaaConvert.vcproj", "{65065A68-49F3-4AF0-A929-460922C5926A}"
	ProjectSection(ProjectDependencies) = postProject
		{36E1CA06-059B-42B9-B559-5AF7B90FF421} = {36E1CA06-059B-42B9-B559-5AF7B90FF421}
		{5A441CC6-F281-4A83-8BC4-323D4148C7C0} = {5A441CC6-F281-4A83-8BC4-323D4148C7C0}
		{FF956BB3-F377-43A8-AB31-633299BDF6C6} = {FF956BB3-F377-43A8-AB31-633299BDF6C6}
		{D7F466F4-2AEA-4648-BE09-024C887BC157} = {D7F466F4-2AEA-4648-BE09-024C887BC157}
		{DB53ABA3-B562-4110-96CA-A8F9BE0E784E} = {DB53ABA3-B562-4110-96CA-A8F9BE0E784E}
	EndProjectSection
EndProject
Global
	GlobalSection(SolutionConfigurationPlatforms) = preSolution
		Debug|Win32 = Debug|Win32
		Debug|x64 = Debug|x64
		Release|Win32 = Release|Win32
		Release|x64 = Release|x64
	EndGlobalSection
	GlobalSection(ProjectConfigurationPlatforms) = postSolution
		{36E1CA06-059B-42B9-B559-5AF7B90FF421}.Debug|Win32.ActiveCfg = Debug|Win32
		{36E1CA06-059B-42B9-B559-5AF7B90FF421}.Debug|Win32.Build.0 = Debug|Win32
		{36E1CA06-059B-42B9-B559-5AF7B90FF421}.Debug|x64.ActiveCfg = Debug|Win32
		{36E1CA06-059B-42B9-B559-5AF7B90FF421}.Release|Win32.ActiveCfg = Release|Win32
		{36E1CA06-059B-42B9-B559-5AF7B90FF421}.Release|Win32.Build.0 = Release|Win32
		{36E1CA06-059B-42B9-B559-5AF7B90FF421}.Release|x64.ActiveCfg = Release|Win32
		{FF956BB3-F377-43A8-AB31-633299BDF6C6}.Debug|Win32.ActiveCfg = Debug|Win32
		{FF956BB3-F377-43A8-AB31-633299BDF6C6}.Debug|Win32.Build.0 = Debug|Win32
		{FF956BB3-F377-43A8-AB31-633299BDF6C6}.Debug|x64.ActiveCfg = Debug|x64
		{FF956BB3-F377-43A8-AB31-633299BDF6C6}.Debug|x64.Build.0 = Debug|x64
		{FF956BB3-F377-43A8-AB31-633299BDF6C6}.Release|Win32.ActiveCfg = Release|Win32
		{FF956BB3-F377-43A8-AB31-633299BDF6C6}.Release|Win32.Build.0 = Release|Win32
		{FF956BB3-F377-43A8-AB31-633299BDF6C6}.Release|x64.ActiveCfg = Release|x64
		{FF956BB3-F377-43A8-AB31-633299BDF6C6}.Release|x64.Build.0 = Release|x64
		{5A441CC6-F281-4A83-8BC4-323D4148C7C0}.Debug|Win32.ActiveCfg = Debug|Win32
		{5A441CC6-F281-4A83-8BC4-323D4148C7C0}.Debug|Win32.Build.0 = Debug|Win32
		{5A441CC6-F281-4A83-8BC4-323D4148C7C0}.Debug|x64.ActiveCfg = Debug|x64
		{5A441CC6-F281-4A83-8BC4-323D4148C7C0}.Debug|x64.Build.0 = Debug|x64
		{5A441CC6-F281-4A83-8BC4-323D4148C7C0}.Release|Win32.ActiveCfg = Release|Win32
		{5A441CC6-F281-4A83-8BC4-323D4148C7C0}.Release|Win32.Build.0 = Release|Win32
		{5A441CC6-F281-4A83-8BC4-323D4148C7C0}.Release|x64.ActiveCfg = Release|x64
		{5A441CC6-F281-4A83-8BC4-323D4148C7C0}.Release|x64.Build.0 = Release|x64
		{D7F466F4-2AEA-4648-BE09-024C887BC157}.Debug|Win32.ActiveCfg = Release|Win32
		{D7F466F4-2AEA-4648-BE09-024C887BC157}.Debug|Win32.Build.0 = Release|Win32
		{D7F466F4-2AEA-4648-BE09-024C887BC157}.Debug|x64.ActiveCfg = Debug|x64
		{D7F466F4-2AEA-4648-BE09-024C887BC157}.Debug|x64.Build.0 = Debug|x64
		{D7F466F4-2AEA-4648-BE09-024C887BC157}.Release|Win32.ActiveCfg = Release|Win32
		{D7F466F4-2AEA-4648-BE09-024C887BC157}.Release|Win32.Build.0 = Release|Win32
		{D7F466F4-2AEA-4648-BE09-024C887BC157}.Release|x64.ActiveCfg = Release|x64
		{D7F466F4-2AEA-4648-BE09-024C887BC157}.Release|x64.Build.0 = Release|x64
		{DB53ABA3-B562-4110-96CA-A8F9BE0E784E}.Debug|Win32.ActiveCfg = Debug|Win32
		{DB53ABA3-B562-4110-96CA-A8F9BE0E784E}.Debug|Win32.Build.0 = Debug|Win32
		{DB53ABA3-B562-4110-96CA-A8F9BE0E784E}.Debug|x64.ActiveCfg = Debug|Win32
		{DB53ABA3-B562-4110-96CA-A8F9BE0E784E}.Release|Win32.ActiveCfg = Release|Win32
		{DB53ABA3-B562-4110-96CA-A8F9BE0E784E}.Release|Win32.Build.0 = Release|Win32
		{DB53ABA3-B562-4110-96CA-A8F9BE0E784E}.Release|x64.ActiveCfg = Release|Win32
		{65065A68-49F3-4AF0-A929-460922C5926A}.Debug|Win32.ActiveCfg = Debug|Win32
		{65065A68-49F3-4AF0-A929-460922C5926A}.Debug|Win32.Build.0 = Debug|Win32
		{65065A68-49F3-4AF0-A929-460922C5926A}.Debug|x64.ActiveCfg = Debug|Win32
		{65065A68-49F3-4AF0-A929-460922C5926A}.Release|Win32.ActiveCfg = Release|Win32
		{65065A68-49F3-4AF0-A929-460922C5926A}.Release|Win32.Build.0 = Release|Win32
		{65065A68-49F3-4AF0-A929-460922C5926A}.Release|x64.ActiveCfg = Release|Win32
	EndGlobalSection
	GlobalSection(SolutionProperties) = preSolution
		HideSolutionNode = FALSE
	EndGlobalSection
EndGlobal
