
Microsoft Visual Studio Solution File, Format Version 12.00
# Visual Studio 14
VisualStudioVersion = 14.0.25420.1
MinimumVisualStudioVersion = 10.0.40219.1
Project("{8BC9CEB8-8B4A-11D0-8D11-00A0C91BC942}") = "GameWinGL", "..\..\..\GameFramework\GameWinGL\GameWinGL.vcxproj", "{1BC33B2E-5E35-4755-902F-8CFECFB6DFE1}"
EndProject
Project("{8BC9CEB8-8B4A-11D0-8D11-00A0C91BC942}") = "Helper", "..\..\..\GameFramework\Helper\Helper.vcxproj", "{6A4946A8-5B80-4501-8165-96F3D0B5E8C0}"
EndProject
Project("{8BC9CEB8-8B4A-11D0-8D11-00A0C91BC942}") = "ManyMouse", "..\..\..\GameFramework_ThirdParty\ManyMouse\ManyMouse.vcxproj", "{E06D5F74-2307-4018-9BDF-4375B7A65EFB}"
EndProject
Project("{8BC9CEB8-8B4A-11D0-8D11-00A0C91BC942}") = "Shared", "..\..\..\GameFramework\Shared\Shared.vcxproj", "{07B16539-9C37-4BD7-BFB1-2A8AD06C6F4E}"
EndProject
Project("{8BC9CEB8-8B4A-11D0-8D11-00A0C91BC942}") = "StruffyLite", "..\..\..\GameFramework\StruffyLite\StruffyLite.vcxproj", "{83EB3CA3-B332-4B24-9099-677248FE9C21}"
EndProject
Project("{8BC9CEB8-8B4A-11D0-8D11-00A0C91BC942}") = "StruffyLiteWinGL", "..\..\..\GameFramework\StruffyLiteWinGL\StruffyLiteWinGL.vcxproj", "{2CE27105-5EF8-40EB-892C-3A8E883A3B93}"
EndProject
Project("{8BC9CEB8-8B4A-11D0-8D11-00A0C91BC942}") = "TinyXML", "..\..\..\GameFramework_ThirdParty\TinyXML\TinyXML.vcxproj", "{9212BAEC-5389-4F93-916E-6DE13CD4922A}"
EndProject
Project("{8BC9CEB8-8B4A-11D0-8D11-00A0C91BC942}") = "GLFW", "..\..\..\GameFramework_ThirdParty\GLFW\GLFW.vcxproj", "{788C3228-0080-4851-8E39-8A25BE3B7D50}"
EndProject
Project("{2150E333-8FDC-42A3-9474-1A3956D46DE8}") = "GameFramework", "GameFramework", "{8EE8F839-9642-4271-898F-01A2ED95603E}"
EndProject
Project("{2150E333-8FDC-42A3-9474-1A3956D46DE8}") = "ThirdParty", "ThirdParty", "{63297598-F98A-43D2-A9BC-03D8BC2E1A7D}"
EndProject
Project("{2150E333-8FDC-42A3-9474-1A3956D46DE8}") = "GameFramework_Murmuration", "GameFramework_Murmuration", "{4BB10322-0923-411C-B853-6D4D8B964F66}"
EndProject
Project("{8BC9CEB8-8B4A-11D0-8D11-00A0C91BC942}") = "JSON", "..\..\..\GameFramework_ThirdParty\JSON\JSON\JSON.vcxproj", "{6C9D89E7-72AC-4092-8E1B-69CD107C3183}"
EndProject
Project("{8BC9CEB8-8B4A-11D0-8D11-00A0C91BC942}") = "Zlib", "..\..\..\GameFramework_ThirdParty\ZLib\Zlib\Zlib.vcxproj", "{71BCB9C3-B2FA-4EB1-8734-CE236658B26B}"
EndProject
Project("{2150E333-8FDC-42A3-9474-1A3956D46DE8}") = "GameFramework_Public", "GameFramework_Public", "{23579DD1-3084-430F-9CFC-1F0E7F199C9F}"
EndProject
Project("{8BC9CEB8-8B4A-11D0-8D11-00A0C91BC942}") = "stb", "..\..\..\GameFramework_ThirdParty\stb\stb.vcxproj", "{450B8A4C-D2CB-4979-9C4F-44B1A4FE9E4D}"
EndProject
Project("{8BC9CEB8-8B4A-11D0-8D11-00A0C91BC942}") = "Murmuration", "..\Murmuration\SourceCode\Murmuration.vcxproj", "{F07C200D-1AFA-42FF-9DDD-28308B3DC6F7}"
EndProject
Project("{8BC9CEB8-8B4A-11D0-8D11-00A0C91BC942}") = "MurmurationGL", "Murmuration_GL2.vcxproj", "{2900C335-7428-417C-BD18-F78CDED9885F}"
EndProject
Project("{8BC9CEB8-8B4A-11D0-8D11-00A0C91BC942}") = "fft", "..\..\..\GameFramework_ThirdParty\FFT\fft.vcxproj", "{0207D683-2D6A-4D5D-A2ED-CA46322ACF83}"
EndProject
Global
	GlobalSection(SolutionConfigurationPlatforms) = preSolution
		Debug|Win32 = Debug|Win32
		Debug|x64 = Debug|x64
		Release|Win32 = Release|Win32
		Release|x64 = Release|x64
		Test|Win32 = Test|Win32
		Test|x64 = Test|x64
		x64|Win32 = x64|Win32
		x64|x64 = x64|x64
		x86|Win32 = x86|Win32
		x86|x64 = x86|x64
	EndGlobalSection
	GlobalSection(ProjectConfigurationPlatforms) = postSolution
		{1BC33B2E-5E35-4755-902F-8CFECFB6DFE1}.Debug|Win32.ActiveCfg = Debug|Win32
		{1BC33B2E-5E35-4755-902F-8CFECFB6DFE1}.Debug|Win32.Build.0 = Debug|Win32
		{1BC33B2E-5E35-4755-902F-8CFECFB6DFE1}.Debug|x64.ActiveCfg = Debug|Win32
		{1BC33B2E-5E35-4755-902F-8CFECFB6DFE1}.Release|Win32.ActiveCfg = Release|Win32
		{1BC33B2E-5E35-4755-902F-8CFECFB6DFE1}.Release|Win32.Build.0 = Release|Win32
		{1BC33B2E-5E35-4755-902F-8CFECFB6DFE1}.Release|x64.ActiveCfg = Release|Win32
		{1BC33B2E-5E35-4755-902F-8CFECFB6DFE1}.Test|Win32.ActiveCfg = Release|Win32
		{1BC33B2E-5E35-4755-902F-8CFECFB6DFE1}.Test|Win32.Build.0 = Release|Win32
		{1BC33B2E-5E35-4755-902F-8CFECFB6DFE1}.Test|x64.ActiveCfg = Release|Win32
		{1BC33B2E-5E35-4755-902F-8CFECFB6DFE1}.Test|x64.Build.0 = Release|Win32
		{1BC33B2E-5E35-4755-902F-8CFECFB6DFE1}.x64|Win32.ActiveCfg = Release|Win32
		{1BC33B2E-5E35-4755-902F-8CFECFB6DFE1}.x64|Win32.Build.0 = Release|Win32
		{1BC33B2E-5E35-4755-902F-8CFECFB6DFE1}.x64|x64.ActiveCfg = Release|Win32
		{1BC33B2E-5E35-4755-902F-8CFECFB6DFE1}.x64|x64.Build.0 = Release|Win32
		{1BC33B2E-5E35-4755-902F-8CFECFB6DFE1}.x86|Win32.ActiveCfg = Release|Win32
		{1BC33B2E-5E35-4755-902F-8CFECFB6DFE1}.x86|Win32.Build.0 = Release|Win32
		{1BC33B2E-5E35-4755-902F-8CFECFB6DFE1}.x86|x64.ActiveCfg = Release|Win32
		{1BC33B2E-5E35-4755-902F-8CFECFB6DFE1}.x86|x64.Build.0 = Release|Win32
		{6A4946A8-5B80-4501-8165-96F3D0B5E8C0}.Debug|Win32.ActiveCfg = Debug|Win32
		{6A4946A8-5B80-4501-8165-96F3D0B5E8C0}.Debug|Win32.Build.0 = Debug|Win32
		{6A4946A8-5B80-4501-8165-96F3D0B5E8C0}.Debug|x64.ActiveCfg = Debug|Win32
		{6A4946A8-5B80-4501-8165-96F3D0B5E8C0}.Release|Win32.ActiveCfg = Release|Win32
		{6A4946A8-5B80-4501-8165-96F3D0B5E8C0}.Release|Win32.Build.0 = Release|Win32
		{6A4946A8-5B80-4501-8165-96F3D0B5E8C0}.Release|x64.ActiveCfg = Release|Win32
		{6A4946A8-5B80-4501-8165-96F3D0B5E8C0}.Test|Win32.ActiveCfg = Test|Win32
		{6A4946A8-5B80-4501-8165-96F3D0B5E8C0}.Test|Win32.Build.0 = Test|Win32
		{6A4946A8-5B80-4501-8165-96F3D0B5E8C0}.Test|x64.ActiveCfg = Test|Win32
		{6A4946A8-5B80-4501-8165-96F3D0B5E8C0}.x64|Win32.ActiveCfg = Release|Win32
		{6A4946A8-5B80-4501-8165-96F3D0B5E8C0}.x64|Win32.Build.0 = Release|Win32
		{6A4946A8-5B80-4501-8165-96F3D0B5E8C0}.x64|x64.ActiveCfg = Release|Win32
		{6A4946A8-5B80-4501-8165-96F3D0B5E8C0}.x64|x64.Build.0 = Release|Win32
		{6A4946A8-5B80-4501-8165-96F3D0B5E8C0}.x86|Win32.ActiveCfg = Release|Win32
		{6A4946A8-5B80-4501-8165-96F3D0B5E8C0}.x86|Win32.Build.0 = Release|Win32
		{6A4946A8-5B80-4501-8165-96F3D0B5E8C0}.x86|x64.ActiveCfg = Release|Win32
		{6A4946A8-5B80-4501-8165-96F3D0B5E8C0}.x86|x64.Build.0 = Release|Win32
		{E06D5F74-2307-4018-9BDF-4375B7A65EFB}.Debug|Win32.ActiveCfg = Debug|Win32
		{E06D5F74-2307-4018-9BDF-4375B7A65EFB}.Debug|Win32.Build.0 = Debug|Win32
		{E06D5F74-2307-4018-9BDF-4375B7A65EFB}.Debug|x64.ActiveCfg = Debug|Win32
		{E06D5F74-2307-4018-9BDF-4375B7A65EFB}.Release|Win32.ActiveCfg = Release|Win32
		{E06D5F74-2307-4018-9BDF-4375B7A65EFB}.Release|Win32.Build.0 = Release|Win32
		{E06D5F74-2307-4018-9BDF-4375B7A65EFB}.Release|x64.ActiveCfg = Release|Win32
		{E06D5F74-2307-4018-9BDF-4375B7A65EFB}.Test|Win32.ActiveCfg = Test|Win32
		{E06D5F74-2307-4018-9BDF-4375B7A65EFB}.Test|Win32.Build.0 = Test|Win32
		{E06D5F74-2307-4018-9BDF-4375B7A65EFB}.Test|x64.ActiveCfg = Test|Win32
		{E06D5F74-2307-4018-9BDF-4375B7A65EFB}.x64|Win32.ActiveCfg = Release|Win32
		{E06D5F74-2307-4018-9BDF-4375B7A65EFB}.x64|Win32.Build.0 = Release|Win32
		{E06D5F74-2307-4018-9BDF-4375B7A65EFB}.x64|x64.ActiveCfg = Release|Win32
		{E06D5F74-2307-4018-9BDF-4375B7A65EFB}.x64|x64.Build.0 = Release|Win32
		{E06D5F74-2307-4018-9BDF-4375B7A65EFB}.x86|Win32.ActiveCfg = Release|Win32
		{E06D5F74-2307-4018-9BDF-4375B7A65EFB}.x86|Win32.Build.0 = Release|Win32
		{E06D5F74-2307-4018-9BDF-4375B7A65EFB}.x86|x64.ActiveCfg = Release|Win32
		{E06D5F74-2307-4018-9BDF-4375B7A65EFB}.x86|x64.Build.0 = Release|Win32
		{07B16539-9C37-4BD7-BFB1-2A8AD06C6F4E}.Debug|Win32.ActiveCfg = Debug|Win32
		{07B16539-9C37-4BD7-BFB1-2A8AD06C6F4E}.Debug|Win32.Build.0 = Debug|Win32
		{07B16539-9C37-4BD7-BFB1-2A8AD06C6F4E}.Debug|x64.ActiveCfg = Debug|Win32
		{07B16539-9C37-4BD7-BFB1-2A8AD06C6F4E}.Release|Win32.ActiveCfg = Release|Win32
		{07B16539-9C37-4BD7-BFB1-2A8AD06C6F4E}.Release|Win32.Build.0 = Release|Win32
		{07B16539-9C37-4BD7-BFB1-2A8AD06C6F4E}.Release|x64.ActiveCfg = Release|Win32
		{07B16539-9C37-4BD7-BFB1-2A8AD06C6F4E}.Test|Win32.ActiveCfg = Test|Win32
		{07B16539-9C37-4BD7-BFB1-2A8AD06C6F4E}.Test|Win32.Build.0 = Test|Win32
		{07B16539-9C37-4BD7-BFB1-2A8AD06C6F4E}.Test|x64.ActiveCfg = Test|Win32
		{07B16539-9C37-4BD7-BFB1-2A8AD06C6F4E}.x64|Win32.ActiveCfg = Release|Win32
		{07B16539-9C37-4BD7-BFB1-2A8AD06C6F4E}.x64|Win32.Build.0 = Release|Win32
		{07B16539-9C37-4BD7-BFB1-2A8AD06C6F4E}.x64|x64.ActiveCfg = Release|Win32
		{07B16539-9C37-4BD7-BFB1-2A8AD06C6F4E}.x64|x64.Build.0 = Release|Win32
		{07B16539-9C37-4BD7-BFB1-2A8AD06C6F4E}.x86|Win32.ActiveCfg = Release|Win32
		{07B16539-9C37-4BD7-BFB1-2A8AD06C6F4E}.x86|Win32.Build.0 = Release|Win32
		{07B16539-9C37-4BD7-BFB1-2A8AD06C6F4E}.x86|x64.ActiveCfg = Release|Win32
		{07B16539-9C37-4BD7-BFB1-2A8AD06C6F4E}.x86|x64.Build.0 = Release|Win32
		{83EB3CA3-B332-4B24-9099-677248FE9C21}.Debug|Win32.ActiveCfg = Debug|Win32
		{83EB3CA3-B332-4B24-9099-677248FE9C21}.Debug|Win32.Build.0 = Debug|Win32
		{83EB3CA3-B332-4B24-9099-677248FE9C21}.Debug|x64.ActiveCfg = Debug|Win32
		{83EB3CA3-B332-4B24-9099-677248FE9C21}.Release|Win32.ActiveCfg = Release|Win32
		{83EB3CA3-B332-4B24-9099-677248FE9C21}.Release|Win32.Build.0 = Release|Win32
		{83EB3CA3-B332-4B24-9099-677248FE9C21}.Release|x64.ActiveCfg = Release|Win32
		{83EB3CA3-B332-4B24-9099-677248FE9C21}.Test|Win32.ActiveCfg = Test|Win32
		{83EB3CA3-B332-4B24-9099-677248FE9C21}.Test|Win32.Build.0 = Test|Win32
		{83EB3CA3-B332-4B24-9099-677248FE9C21}.Test|x64.ActiveCfg = Test|Win32
		{83EB3CA3-B332-4B24-9099-677248FE9C21}.x64|Win32.ActiveCfg = Release|Win32
		{83EB3CA3-B332-4B24-9099-677248FE9C21}.x64|Win32.Build.0 = Release|Win32
		{83EB3CA3-B332-4B24-9099-677248FE9C21}.x64|x64.ActiveCfg = Release|Win32
		{83EB3CA3-B332-4B24-9099-677248FE9C21}.x64|x64.Build.0 = Release|Win32
		{83EB3CA3-B332-4B24-9099-677248FE9C21}.x86|Win32.ActiveCfg = Release|Win32
		{83EB3CA3-B332-4B24-9099-677248FE9C21}.x86|Win32.Build.0 = Release|Win32
		{83EB3CA3-B332-4B24-9099-677248FE9C21}.x86|x64.ActiveCfg = Release|Win32
		{83EB3CA3-B332-4B24-9099-677248FE9C21}.x86|x64.Build.0 = Release|Win32
		{2CE27105-5EF8-40EB-892C-3A8E883A3B93}.Debug|Win32.ActiveCfg = Debug|Win32
		{2CE27105-5EF8-40EB-892C-3A8E883A3B93}.Debug|Win32.Build.0 = Debug|Win32
		{2CE27105-5EF8-40EB-892C-3A8E883A3B93}.Debug|x64.ActiveCfg = Debug|Win32
		{2CE27105-5EF8-40EB-892C-3A8E883A3B93}.Release|Win32.ActiveCfg = Release|Win32
		{2CE27105-5EF8-40EB-892C-3A8E883A3B93}.Release|Win32.Build.0 = Release|Win32
		{2CE27105-5EF8-40EB-892C-3A8E883A3B93}.Release|x64.ActiveCfg = Release|Win32
		{2CE27105-5EF8-40EB-892C-3A8E883A3B93}.Test|Win32.ActiveCfg = Release|Win32
		{2CE27105-5EF8-40EB-892C-3A8E883A3B93}.Test|Win32.Build.0 = Release|Win32
		{2CE27105-5EF8-40EB-892C-3A8E883A3B93}.Test|x64.ActiveCfg = Release|Win32
		{2CE27105-5EF8-40EB-892C-3A8E883A3B93}.Test|x64.Build.0 = Release|Win32
		{2CE27105-5EF8-40EB-892C-3A8E883A3B93}.x64|Win32.ActiveCfg = Release|Win32
		{2CE27105-5EF8-40EB-892C-3A8E883A3B93}.x64|Win32.Build.0 = Release|Win32
		{2CE27105-5EF8-40EB-892C-3A8E883A3B93}.x64|x64.ActiveCfg = Release|Win32
		{2CE27105-5EF8-40EB-892C-3A8E883A3B93}.x64|x64.Build.0 = Release|Win32
		{2CE27105-5EF8-40EB-892C-3A8E883A3B93}.x86|Win32.ActiveCfg = Release|Win32
		{2CE27105-5EF8-40EB-892C-3A8E883A3B93}.x86|Win32.Build.0 = Release|Win32
		{2CE27105-5EF8-40EB-892C-3A8E883A3B93}.x86|x64.ActiveCfg = Release|Win32
		{2CE27105-5EF8-40EB-892C-3A8E883A3B93}.x86|x64.Build.0 = Release|Win32
		{9212BAEC-5389-4F93-916E-6DE13CD4922A}.Debug|Win32.ActiveCfg = Debug|Win32
		{9212BAEC-5389-4F93-916E-6DE13CD4922A}.Debug|Win32.Build.0 = Debug|Win32
		{9212BAEC-5389-4F93-916E-6DE13CD4922A}.Debug|x64.ActiveCfg = Debug|Win32
		{9212BAEC-5389-4F93-916E-6DE13CD4922A}.Release|Win32.ActiveCfg = Release|Win32
		{9212BAEC-5389-4F93-916E-6DE13CD4922A}.Release|Win32.Build.0 = Release|Win32
		{9212BAEC-5389-4F93-916E-6DE13CD4922A}.Release|x64.ActiveCfg = Release|Win32
		{9212BAEC-5389-4F93-916E-6DE13CD4922A}.Test|Win32.ActiveCfg = Test|Win32
		{9212BAEC-5389-4F93-916E-6DE13CD4922A}.Test|Win32.Build.0 = Test|Win32
		{9212BAEC-5389-4F93-916E-6DE13CD4922A}.Test|x64.ActiveCfg = Test|Win32
		{9212BAEC-5389-4F93-916E-6DE13CD4922A}.x64|Win32.ActiveCfg = Release|Win32
		{9212BAEC-5389-4F93-916E-6DE13CD4922A}.x64|Win32.Build.0 = Release|Win32
		{9212BAEC-5389-4F93-916E-6DE13CD4922A}.x64|x64.ActiveCfg = Release|Win32
		{9212BAEC-5389-4F93-916E-6DE13CD4922A}.x64|x64.Build.0 = Release|Win32
		{9212BAEC-5389-4F93-916E-6DE13CD4922A}.x86|Win32.ActiveCfg = Release|Win32
		{9212BAEC-5389-4F93-916E-6DE13CD4922A}.x86|Win32.Build.0 = Release|Win32
		{9212BAEC-5389-4F93-916E-6DE13CD4922A}.x86|x64.ActiveCfg = Release|Win32
		{9212BAEC-5389-4F93-916E-6DE13CD4922A}.x86|x64.Build.0 = Release|Win32
		{788C3228-0080-4851-8E39-8A25BE3B7D50}.Debug|Win32.ActiveCfg = Debug|Win32
		{788C3228-0080-4851-8E39-8A25BE3B7D50}.Debug|Win32.Build.0 = Debug|Win32
		{788C3228-0080-4851-8E39-8A25BE3B7D50}.Debug|x64.ActiveCfg = Debug|x64
		{788C3228-0080-4851-8E39-8A25BE3B7D50}.Debug|x64.Build.0 = Debug|x64
		{788C3228-0080-4851-8E39-8A25BE3B7D50}.Release|Win32.ActiveCfg = Release|Win32
		{788C3228-0080-4851-8E39-8A25BE3B7D50}.Release|Win32.Build.0 = Release|Win32
		{788C3228-0080-4851-8E39-8A25BE3B7D50}.Release|x64.ActiveCfg = Release|x64
		{788C3228-0080-4851-8E39-8A25BE3B7D50}.Release|x64.Build.0 = Release|x64
		{788C3228-0080-4851-8E39-8A25BE3B7D50}.Test|Win32.ActiveCfg = Release|Win32
		{788C3228-0080-4851-8E39-8A25BE3B7D50}.Test|Win32.Build.0 = Release|Win32
		{788C3228-0080-4851-8E39-8A25BE3B7D50}.Test|x64.ActiveCfg = Release|x64
		{788C3228-0080-4851-8E39-8A25BE3B7D50}.Test|x64.Build.0 = Release|x64
		{788C3228-0080-4851-8E39-8A25BE3B7D50}.x64|Win32.ActiveCfg = Release|Win32
		{788C3228-0080-4851-8E39-8A25BE3B7D50}.x64|Win32.Build.0 = Release|Win32
		{788C3228-0080-4851-8E39-8A25BE3B7D50}.x64|x64.ActiveCfg = Release|x64
		{788C3228-0080-4851-8E39-8A25BE3B7D50}.x64|x64.Build.0 = Release|x64
		{788C3228-0080-4851-8E39-8A25BE3B7D50}.x86|Win32.ActiveCfg = Release|Win32
		{788C3228-0080-4851-8E39-8A25BE3B7D50}.x86|Win32.Build.0 = Release|Win32
		{788C3228-0080-4851-8E39-8A25BE3B7D50}.x86|x64.ActiveCfg = Release|x64
		{788C3228-0080-4851-8E39-8A25BE3B7D50}.x86|x64.Build.0 = Release|x64
		{6C9D89E7-72AC-4092-8E1B-69CD107C3183}.Debug|Win32.ActiveCfg = Debug|Win32
		{6C9D89E7-72AC-4092-8E1B-69CD107C3183}.Debug|Win32.Build.0 = Debug|Win32
		{6C9D89E7-72AC-4092-8E1B-69CD107C3183}.Debug|x64.ActiveCfg = Debug|Win32
		{6C9D89E7-72AC-4092-8E1B-69CD107C3183}.Release|Win32.ActiveCfg = Release|Win32
		{6C9D89E7-72AC-4092-8E1B-69CD107C3183}.Release|Win32.Build.0 = Release|Win32
		{6C9D89E7-72AC-4092-8E1B-69CD107C3183}.Release|x64.ActiveCfg = Release|Win32
		{6C9D89E7-72AC-4092-8E1B-69CD107C3183}.Test|Win32.ActiveCfg = Test|Win32
		{6C9D89E7-72AC-4092-8E1B-69CD107C3183}.Test|Win32.Build.0 = Test|Win32
		{6C9D89E7-72AC-4092-8E1B-69CD107C3183}.Test|x64.ActiveCfg = Test|Win32
		{6C9D89E7-72AC-4092-8E1B-69CD107C3183}.x64|Win32.ActiveCfg = Release|Win32
		{6C9D89E7-72AC-4092-8E1B-69CD107C3183}.x64|Win32.Build.0 = Release|Win32
		{6C9D89E7-72AC-4092-8E1B-69CD107C3183}.x64|x64.ActiveCfg = Release|Win32
		{6C9D89E7-72AC-4092-8E1B-69CD107C3183}.x64|x64.Build.0 = Release|Win32
		{6C9D89E7-72AC-4092-8E1B-69CD107C3183}.x86|Win32.ActiveCfg = Release|Win32
		{6C9D89E7-72AC-4092-8E1B-69CD107C3183}.x86|Win32.Build.0 = Release|Win32
		{6C9D89E7-72AC-4092-8E1B-69CD107C3183}.x86|x64.ActiveCfg = Release|Win32
		{6C9D89E7-72AC-4092-8E1B-69CD107C3183}.x86|x64.Build.0 = Release|Win32
		{71BCB9C3-B2FA-4EB1-8734-CE236658B26B}.Debug|Win32.ActiveCfg = Debug|Win32
		{71BCB9C3-B2FA-4EB1-8734-CE236658B26B}.Debug|Win32.Build.0 = Debug|Win32
		{71BCB9C3-B2FA-4EB1-8734-CE236658B26B}.Debug|x64.ActiveCfg = Debug|Win32
		{71BCB9C3-B2FA-4EB1-8734-CE236658B26B}.Release|Win32.ActiveCfg = Release|Win32
		{71BCB9C3-B2FA-4EB1-8734-CE236658B26B}.Release|Win32.Build.0 = Release|Win32
		{71BCB9C3-B2FA-4EB1-8734-CE236658B26B}.Release|x64.ActiveCfg = Release|Win32
		{71BCB9C3-B2FA-4EB1-8734-CE236658B26B}.Test|Win32.ActiveCfg = Test|Win32
		{71BCB9C3-B2FA-4EB1-8734-CE236658B26B}.Test|Win32.Build.0 = Test|Win32
		{71BCB9C3-B2FA-4EB1-8734-CE236658B26B}.Test|x64.ActiveCfg = Test|Win32
		{71BCB9C3-B2FA-4EB1-8734-CE236658B26B}.x64|Win32.ActiveCfg = Release|Win32
		{71BCB9C3-B2FA-4EB1-8734-CE236658B26B}.x64|Win32.Build.0 = Release|Win32
		{71BCB9C3-B2FA-4EB1-8734-CE236658B26B}.x64|x64.ActiveCfg = Release|Win32
		{71BCB9C3-B2FA-4EB1-8734-CE236658B26B}.x64|x64.Build.0 = Release|Win32
		{71BCB9C3-B2FA-4EB1-8734-CE236658B26B}.x86|Win32.ActiveCfg = Release|Win32
		{71BCB9C3-B2FA-4EB1-8734-CE236658B26B}.x86|Win32.Build.0 = Release|Win32
		{71BCB9C3-B2FA-4EB1-8734-CE236658B26B}.x86|x64.ActiveCfg = Release|Win32
		{71BCB9C3-B2FA-4EB1-8734-CE236658B26B}.x86|x64.Build.0 = Release|Win32
		{450B8A4C-D2CB-4979-9C4F-44B1A4FE9E4D}.Debug|Win32.ActiveCfg = Debug|Win32
		{450B8A4C-D2CB-4979-9C4F-44B1A4FE9E4D}.Debug|Win32.Build.0 = Debug|Win32
		{450B8A4C-D2CB-4979-9C4F-44B1A4FE9E4D}.Debug|x64.ActiveCfg = Debug|Win32
		{450B8A4C-D2CB-4979-9C4F-44B1A4FE9E4D}.Release|Win32.ActiveCfg = Release|Win32
		{450B8A4C-D2CB-4979-9C4F-44B1A4FE9E4D}.Release|Win32.Build.0 = Release|Win32
		{450B8A4C-D2CB-4979-9C4F-44B1A4FE9E4D}.Release|x64.ActiveCfg = Release|Win32
		{450B8A4C-D2CB-4979-9C4F-44B1A4FE9E4D}.Test|Win32.ActiveCfg = Test|Win32
		{450B8A4C-D2CB-4979-9C4F-44B1A4FE9E4D}.Test|Win32.Build.0 = Test|Win32
		{450B8A4C-D2CB-4979-9C4F-44B1A4FE9E4D}.Test|x64.ActiveCfg = Test|Win32
		{450B8A4C-D2CB-4979-9C4F-44B1A4FE9E4D}.x64|Win32.ActiveCfg = Release|Win32
		{450B8A4C-D2CB-4979-9C4F-44B1A4FE9E4D}.x64|Win32.Build.0 = Release|Win32
		{450B8A4C-D2CB-4979-9C4F-44B1A4FE9E4D}.x64|x64.ActiveCfg = Release|Win32
		{450B8A4C-D2CB-4979-9C4F-44B1A4FE9E4D}.x86|Win32.ActiveCfg = Release|Win32
		{450B8A4C-D2CB-4979-9C4F-44B1A4FE9E4D}.x86|Win32.Build.0 = Release|Win32
		{450B8A4C-D2CB-4979-9C4F-44B1A4FE9E4D}.x86|x64.ActiveCfg = Release|Win32
		{F07C200D-1AFA-42FF-9DDD-28308B3DC6F7}.Debug|Win32.ActiveCfg = Debug|Win32
		{F07C200D-1AFA-42FF-9DDD-28308B3DC6F7}.Debug|Win32.Build.0 = Debug|Win32
		{F07C200D-1AFA-42FF-9DDD-28308B3DC6F7}.Debug|x64.ActiveCfg = Debug|Win32
		{F07C200D-1AFA-42FF-9DDD-28308B3DC6F7}.Release|Win32.ActiveCfg = Release|Win32
		{F07C200D-1AFA-42FF-9DDD-28308B3DC6F7}.Release|Win32.Build.0 = Release|Win32
		{F07C200D-1AFA-42FF-9DDD-28308B3DC6F7}.Release|x64.ActiveCfg = Release|Win32
		{F07C200D-1AFA-42FF-9DDD-28308B3DC6F7}.Test|Win32.ActiveCfg = Release|Win32
		{F07C200D-1AFA-42FF-9DDD-28308B3DC6F7}.Test|Win32.Build.0 = Release|Win32
		{F07C200D-1AFA-42FF-9DDD-28308B3DC6F7}.Test|x64.ActiveCfg = Release|Win32
		{F07C200D-1AFA-42FF-9DDD-28308B3DC6F7}.Test|x64.Build.0 = Release|Win32
		{F07C200D-1AFA-42FF-9DDD-28308B3DC6F7}.x64|Win32.ActiveCfg = Release|Win32
		{F07C200D-1AFA-42FF-9DDD-28308B3DC6F7}.x64|Win32.Build.0 = Release|Win32
		{F07C200D-1AFA-42FF-9DDD-28308B3DC6F7}.x64|x64.ActiveCfg = Release|Win32
		{F07C200D-1AFA-42FF-9DDD-28308B3DC6F7}.x64|x64.Build.0 = Release|Win32
		{F07C200D-1AFA-42FF-9DDD-28308B3DC6F7}.x86|Win32.ActiveCfg = Release|Win32
		{F07C200D-1AFA-42FF-9DDD-28308B3DC6F7}.x86|Win32.Build.0 = Release|Win32
		{F07C200D-1AFA-42FF-9DDD-28308B3DC6F7}.x86|x64.ActiveCfg = Release|Win32
		{F07C200D-1AFA-42FF-9DDD-28308B3DC6F7}.x86|x64.Build.0 = Release|Win32
		{2900C335-7428-417C-BD18-F78CDED9885F}.Debug|Win32.ActiveCfg = Debug|Win32
		{2900C335-7428-417C-BD18-F78CDED9885F}.Debug|Win32.Build.0 = Debug|Win32
		{2900C335-7428-417C-BD18-F78CDED9885F}.Debug|x64.ActiveCfg = Debug|Win32
		{2900C335-7428-417C-BD18-F78CDED9885F}.Release|Win32.ActiveCfg = Release|Win32
		{2900C335-7428-417C-BD18-F78CDED9885F}.Release|Win32.Build.0 = Release|Win32
		{2900C335-7428-417C-BD18-F78CDED9885F}.Release|x64.ActiveCfg = Release|Win32
		{2900C335-7428-417C-BD18-F78CDED9885F}.Test|Win32.ActiveCfg = Release|Win32
		{2900C335-7428-417C-BD18-F78CDED9885F}.Test|Win32.Build.0 = Release|Win32
		{2900C335-7428-417C-BD18-F78CDED9885F}.Test|x64.ActiveCfg = Release|Win32
		{2900C335-7428-417C-BD18-F78CDED9885F}.Test|x64.Build.0 = Release|Win32
		{2900C335-7428-417C-BD18-F78CDED9885F}.x64|Win32.ActiveCfg = Release|Win32
		{2900C335-7428-417C-BD18-F78CDED9885F}.x64|Win32.Build.0 = Release|Win32
		{2900C335-7428-417C-BD18-F78CDED9885F}.x64|x64.ActiveCfg = Release|Win32
		{2900C335-7428-417C-BD18-F78CDED9885F}.x64|x64.Build.0 = Release|Win32
		{2900C335-7428-417C-BD18-F78CDED9885F}.x86|Win32.ActiveCfg = Release|Win32
		{2900C335-7428-417C-BD18-F78CDED9885F}.x86|Win32.Build.0 = Release|Win32
		{2900C335-7428-417C-BD18-F78CDED9885F}.x86|x64.ActiveCfg = Release|Win32
		{2900C335-7428-417C-BD18-F78CDED9885F}.x86|x64.Build.0 = Release|Win32
		{0207D683-2D6A-4D5D-A2ED-CA46322ACF83}.Debug|Win32.ActiveCfg = Debug|Win32
		{0207D683-2D6A-4D5D-A2ED-CA46322ACF83}.Debug|Win32.Build.0 = Debug|Win32
		{0207D683-2D6A-4D5D-A2ED-CA46322ACF83}.Debug|x64.ActiveCfg = Debug|Win32
		{0207D683-2D6A-4D5D-A2ED-CA46322ACF83}.Release|Win32.ActiveCfg = Release|Win32
		{0207D683-2D6A-4D5D-A2ED-CA46322ACF83}.Release|Win32.Build.0 = Release|Win32
		{0207D683-2D6A-4D5D-A2ED-CA46322ACF83}.Release|x64.ActiveCfg = Release|Win32
		{0207D683-2D6A-4D5D-A2ED-CA46322ACF83}.Test|Win32.ActiveCfg = Test|Win32
		{0207D683-2D6A-4D5D-A2ED-CA46322ACF83}.Test|Win32.Build.0 = Test|Win32
		{0207D683-2D6A-4D5D-A2ED-CA46322ACF83}.Test|x64.ActiveCfg = Test|Win32
		{0207D683-2D6A-4D5D-A2ED-CA46322ACF83}.x64|Win32.ActiveCfg = Test|Win32
		{0207D683-2D6A-4D5D-A2ED-CA46322ACF83}.x64|Win32.Build.0 = Test|Win32
		{0207D683-2D6A-4D5D-A2ED-CA46322ACF83}.x64|x64.ActiveCfg = Test|Win32
		{0207D683-2D6A-4D5D-A2ED-CA46322ACF83}.x64|x64.Build.0 = Test|Win32
		{0207D683-2D6A-4D5D-A2ED-CA46322ACF83}.x86|Win32.ActiveCfg = Test|Win32
		{0207D683-2D6A-4D5D-A2ED-CA46322ACF83}.x86|Win32.Build.0 = Test|Win32
		{0207D683-2D6A-4D5D-A2ED-CA46322ACF83}.x86|x64.ActiveCfg = Test|Win32
		{0207D683-2D6A-4D5D-A2ED-CA46322ACF83}.x86|x64.Build.0 = Test|Win32
	EndGlobalSection
	GlobalSection(SolutionProperties) = preSolution
		HideSolutionNode = FALSE
	EndGlobalSection
	GlobalSection(NestedProjects) = preSolution
		{1BC33B2E-5E35-4755-902F-8CFECFB6DFE1} = {8EE8F839-9642-4271-898F-01A2ED95603E}
		{6A4946A8-5B80-4501-8165-96F3D0B5E8C0} = {8EE8F839-9642-4271-898F-01A2ED95603E}
		{E06D5F74-2307-4018-9BDF-4375B7A65EFB} = {63297598-F98A-43D2-A9BC-03D8BC2E1A7D}
		{07B16539-9C37-4BD7-BFB1-2A8AD06C6F4E} = {8EE8F839-9642-4271-898F-01A2ED95603E}
		{83EB3CA3-B332-4B24-9099-677248FE9C21} = {8EE8F839-9642-4271-898F-01A2ED95603E}
		{2CE27105-5EF8-40EB-892C-3A8E883A3B93} = {8EE8F839-9642-4271-898F-01A2ED95603E}
		{9212BAEC-5389-4F93-916E-6DE13CD4922A} = {63297598-F98A-43D2-A9BC-03D8BC2E1A7D}
		{788C3228-0080-4851-8E39-8A25BE3B7D50} = {63297598-F98A-43D2-A9BC-03D8BC2E1A7D}
		{6C9D89E7-72AC-4092-8E1B-69CD107C3183} = {63297598-F98A-43D2-A9BC-03D8BC2E1A7D}
		{71BCB9C3-B2FA-4EB1-8734-CE236658B26B} = {63297598-F98A-43D2-A9BC-03D8BC2E1A7D}
		{450B8A4C-D2CB-4979-9C4F-44B1A4FE9E4D} = {63297598-F98A-43D2-A9BC-03D8BC2E1A7D}
		{F07C200D-1AFA-42FF-9DDD-28308B3DC6F7} = {4BB10322-0923-411C-B853-6D4D8B964F66}
		{2900C335-7428-417C-BD18-F78CDED9885F} = {4BB10322-0923-411C-B853-6D4D8B964F66}
		{0207D683-2D6A-4D5D-A2ED-CA46322ACF83} = {63297598-F98A-43D2-A9BC-03D8BC2E1A7D}
	EndGlobalSection
EndGlobal
