<?xml version="1.0" encoding="utf-8"?>
<Project ToolsVersion="4.0" xmlns="http://schemas.microsoft.com/developer/msbuild/2003">
  <ItemGroup>
    <Filter Include="BatchFiles">
      <UniqueIdentifier>{0c82e872-c587-4b8b-b12b-3020db0f19d7}</UniqueIdentifier>
    </Filter>
  </ItemGroup>
  <ItemGroup>
    <None Include="..\Murmuration\BatchFiles\OpenGameData.bat">
      <Filter>BatchFiles</Filter>
    </None>
    <None Include="..\Murmuration\BatchFiles\Pack.bat">
      <Filter>BatchFiles</Filter>
    </None>
    <None Include="..\Murmuration\BatchFiles\Publish.bat">
      <Filter>BatchFiles</Filter>
    </None>
  </ItemGroup>
  <ItemGroup>
    <ClCompile Include="..\Murmuration\SourceCode\GaProject_Murmuration.cpp" />
  </ItemGroup>
</Project>