<?xml version="1.0" encoding="utf-8"?>
<Project ToolsVersion="4.0" xmlns="http://schemas.microsoft.com/developer/msbuild/2003">
  <ItemGroup>
    <Filter Include="Source Files">
      <UniqueIdentifier>{4FC737F1-C7A5-4376-A066-2A32D752A2FF}</UniqueIdentifier>
      <Extensions>cpp;c;cc;cxx;def;odl;idl;hpj;bat;asm;asmx</Extensions>
    </Filter>
    <Filter Include="Source Files\win32">
      <UniqueIdentifier>{4e497bed-714d-40e5-a7f2-3aec50ecf560}</UniqueIdentifier>
    </Filter>
    <Filter Include="include">
      <UniqueIdentifier>{095a4cd7-c540-41e5-8728-a134114a5548}</UniqueIdentifier>
    </Filter>
  </ItemGroup>
  <ItemGroup>
    <ClCompile Include="enable.c">
      <Filter>Source Files</Filter>
    </ClCompile>
    <ClCompile Include="fullscreen.c">
      <Filter>Source Files</Filter>
    </ClCompile>
    <ClCompile Include="glext.c">
      <Filter>Source Files</Filter>
    </ClCompile>
    <ClCompile Include="image.c">
      <Filter>Source Files</Filter>
    </ClCompile>
    <ClCompile Include="init.c">
      <Filter>Source Files</Filter>
    </ClCompile>
    <ClCompile Include="input.c">
      <Filter>Source Files</Filter>
    </ClCompile>
    <ClCompile Include="joystick.c">
      <Filter>Source Files</Filter>
    </ClCompile>
    <ClCompile Include="stream.c">
      <Filter>Source Files</Filter>
    </ClCompile>
    <ClCompile Include="tga.c">
      <Filter>Source Files</Filter>
    </ClCompile>
    <ClCompile Include="thread.c">
      <Filter>Source Files</Filter>
    </ClCompile>
    <ClCompile Include="time.c">
      <Filter>Source Files</Filter>
    </ClCompile>
    <ClCompile Include="window.c">
      <Filter>Source Files</Filter>
    </ClCompile>
    <ClCompile Include="win32\win32_dllmain.c">
      <Filter>Source Files\win32</Filter>
    </ClCompile>
    <ClCompile Include="win32\win32_enable.c">
      <Filter>Source Files\win32</Filter>
    </ClCompile>
    <ClCompile Include="win32\win32_fullscreen.c">
      <Filter>Source Files\win32</Filter>
    </ClCompile>
    <ClCompile Include="win32\win32_glext.c">
      <Filter>Source Files\win32</Filter>
    </ClCompile>
    <ClCompile Include="win32\win32_init.c">
      <Filter>Source Files\win32</Filter>
    </ClCompile>
    <ClCompile Include="win32\win32_joystick.c">
      <Filter>Source Files\win32</Filter>
    </ClCompile>
    <ClCompile Include="win32\win32_thread.c">
      <Filter>Source Files\win32</Filter>
    </ClCompile>
    <ClCompile Include="win32\win32_time.c">
      <Filter>Source Files\win32</Filter>
    </ClCompile>
    <ClCompile Include="win32\win32_window.c">
      <Filter>Source Files\win32</Filter>
    </ClCompile>
  </ItemGroup>
  <ItemGroup>
    <ClInclude Include="win32\platform.h">
      <Filter>Source Files\win32</Filter>
    </ClInclude>
    <ClInclude Include="include\glfw.h">
      <Filter>include</Filter>
    </ClInclude>
  </ItemGroup>
</Project>